// !$*UTF8*$!
{
	archiveVersion = 1;
	classes = {
	};
	objectVersion = 46;
	objects = {

/* Begin PBXBuildFile section */
		7316996213B89753003F6E05 /* NSObject+SBJson.h in Headers */ = {isa = PBXBuildFile; fileRef = 7316994913B89753003F6E05 /* NSObject+SBJson.h */; settings = {ATTRIBUTES = (Private, ); }; };
		7316996313B89753003F6E05 /* NSObject+SBJson.m in Sources */ = {isa = PBXBuildFile; fileRef = 7316994A13B89753003F6E05 /* NSObject+SBJson.m */; };
		7316996413B89753003F6E05 /* SBJson.h in Headers */ = {isa = PBXBuildFile; fileRef = 7316994B13B89753003F6E05 /* SBJson.h */; settings = {ATTRIBUTES = (Private, ); }; };
		7316996513B89753003F6E05 /* SBJsonParser.h in Headers */ = {isa = PBXBuildFile; fileRef = 7316994C13B89753003F6E05 /* SBJsonParser.h */; settings = {ATTRIBUTES = (Private, ); }; };
		7316996613B89753003F6E05 /* SBJsonParser.m in Sources */ = {isa = PBXBuildFile; fileRef = 7316994D13B89753003F6E05 /* SBJsonParser.m */; };
		7316996713B89753003F6E05 /* SBJsonStreamParser.h in Headers */ = {isa = PBXBuildFile; fileRef = 7316994E13B89753003F6E05 /* SBJsonStreamParser.h */; settings = {ATTRIBUTES = (Private, ); }; };
		7316996813B89753003F6E05 /* SBJsonStreamParser.m in Sources */ = {isa = PBXBuildFile; fileRef = 7316994F13B89753003F6E05 /* SBJsonStreamParser.m */; };
		7316996913B89753003F6E05 /* SBJsonStreamParserAccumulator.h in Headers */ = {isa = PBXBuildFile; fileRef = 7316995013B89753003F6E05 /* SBJsonStreamParserAccumulator.h */; settings = {ATTRIBUTES = (Private, ); }; };
		7316996A13B89753003F6E05 /* SBJsonStreamParserAccumulator.m in Sources */ = {isa = PBXBuildFile; fileRef = 7316995113B89753003F6E05 /* SBJsonStreamParserAccumulator.m */; };
		7316996B13B89753003F6E05 /* SBJsonStreamParserAdapter.h in Headers */ = {isa = PBXBuildFile; fileRef = 7316995213B89753003F6E05 /* SBJsonStreamParserAdapter.h */; settings = {ATTRIBUTES = (Private, ); }; };
		7316996C13B89753003F6E05 /* SBJsonStreamParserAdapter.m in Sources */ = {isa = PBXBuildFile; fileRef = 7316995313B89753003F6E05 /* SBJsonStreamParserAdapter.m */; };
		7316996D13B89753003F6E05 /* SBJsonStreamParserState.h in Headers */ = {isa = PBXBuildFile; fileRef = 7316995413B89753003F6E05 /* SBJsonStreamParserState.h */; settings = {ATTRIBUTES = (Private, ); }; };
		7316996E13B89753003F6E05 /* SBJsonStreamParserState.m in Sources */ = {isa = PBXBuildFile; fileRef = 7316995513B89753003F6E05 /* SBJsonStreamParserState.m */; };
		7316996F13B89753003F6E05 /* SBJsonStreamWriter.h in Headers */ = {isa = PBXBuildFile; fileRef = 7316995613B89753003F6E05 /* SBJsonStreamWriter.h */; settings = {ATTRIBUTES = (Private, ); }; };
		7316997013B89753003F6E05 /* SBJsonStreamWriter.m in Sources */ = {isa = PBXBuildFile; fileRef = 7316995713B89753003F6E05 /* SBJsonStreamWriter.m */; };
		7316997113B89753003F6E05 /* SBJsonStreamWriterAccumulator.h in Headers */ = {isa = PBXBuildFile; fileRef = 7316995813B89753003F6E05 /* SBJsonStreamWriterAccumulator.h */; settings = {ATTRIBUTES = (Private, ); }; };
		7316997213B89753003F6E05 /* SBJsonStreamWriterAccumulator.m in Sources */ = {isa = PBXBuildFile; fileRef = 7316995913B89753003F6E05 /* SBJsonStreamWriterAccumulator.m */; };
		7316997313B89753003F6E05 /* SBJsonStreamWriterState.h in Headers */ = {isa = PBXBuildFile; fileRef = 7316995A13B89753003F6E05 /* SBJsonStreamWriterState.h */; settings = {ATTRIBUTES = (Private, ); }; };
		7316997413B89753003F6E05 /* SBJsonStreamWriterState.m in Sources */ = {isa = PBXBuildFile; fileRef = 7316995B13B89753003F6E05 /* SBJsonStreamWriterState.m */; };
		7316997513B89753003F6E05 /* SBJsonTokeniser.h in Headers */ = {isa = PBXBuildFile; fileRef = 7316995C13B89753003F6E05 /* SBJsonTokeniser.h */; settings = {ATTRIBUTES = (Private, ); }; };
		7316997613B89753003F6E05 /* SBJsonTokeniser.m in Sources */ = {isa = PBXBuildFile; fileRef = 7316995D13B89753003F6E05 /* SBJsonTokeniser.m */; };
		7316997713B89753003F6E05 /* SBJsonUTF8Stream.h in Headers */ = {isa = PBXBuildFile; fileRef = 7316995E13B89753003F6E05 /* SBJsonUTF8Stream.h */; settings = {ATTRIBUTES = (Private, ); }; };
		7316997813B89753003F6E05 /* SBJsonUTF8Stream.m in Sources */ = {isa = PBXBuildFile; fileRef = 7316995F13B89753003F6E05 /* SBJsonUTF8Stream.m */; };
		7316997913B89753003F6E05 /* SBJsonWriter.h in Headers */ = {isa = PBXBuildFile; fileRef = 7316996013B89753003F6E05 /* SBJsonWriter.h */; settings = {ATTRIBUTES = (Private, ); }; };
		7316997A13B89753003F6E05 /* SBJsonWriter.m in Sources */ = {isa = PBXBuildFile; fileRef = 7316996113B89753003F6E05 /* SBJsonWriter.m */; };
		73698B7213B681F400922D1A /* Cocoa.framework in Frameworks */ = {isa = PBXBuildFile; fileRef = 73698B7113B681F400922D1A /* Cocoa.framework */; };
		73698B8913B6820100922D1A /* Cocoa.framework in Frameworks */ = {isa = PBXBuildFile; fileRef = 73698B7113B681F400922D1A /* Cocoa.framework */; };
		73698B9113B6820100922D1A /* main.m in Sources */ = {isa = PBXBuildFile; fileRef = 73698B9013B6820100922D1A /* main.m */; };
		73698B9813B6820100922D1A /* SpectttatorTestAppDelegate.m in Sources */ = {isa = PBXBuildFile; fileRef = 73698B9713B6820100922D1A /* SpectttatorTestAppDelegate.m */; };
		73698B9B13B6820100922D1A /* MainMenu.xib in Resources */ = {isa = PBXBuildFile; fileRef = 73698B9913B6820100922D1A /* MainMenu.xib */; };
		73698BA113B6821500922D1A /* Spectttator.framework in Frameworks */ = {isa = PBXBuildFile; fileRef = 73698B6E13B681F400922D1A /* Spectttator.framework */; };
		73698BA413B6823000922D1A /* Spectttator.framework in Copy Frameworks */ = {isa = PBXBuildFile; fileRef = 73698B6E13B681F400922D1A /* Spectttator.framework */; };
		73698BAA13B6832E00922D1A /* Spectttator.h in Headers */ = {isa = PBXBuildFile; fileRef = 73698BA813B6832E00922D1A /* Spectttator.h */; settings = {ATTRIBUTES = (Public, ); }; };
		73698BAE13B6839500922D1A /* SPManager.h in Headers */ = {isa = PBXBuildFile; fileRef = 73698BAC13B6839500922D1A /* SPManager.h */; settings = {ATTRIBUTES = (Private, ); }; };
		73698BAF13B6839500922D1A /* SPManager.m in Sources */ = {isa = PBXBuildFile; fileRef = 73698BAD13B6839500922D1A /* SPManager.m */; };
		739A447413B811E200E7783A /* SPPlayer.h in Headers */ = {isa = PBXBuildFile; fileRef = 739A447213B811E200E7783A /* SPPlayer.h */; settings = {ATTRIBUTES = (Private, ); }; };
		739A447513B811E200E7783A /* SPPlayer.m in Sources */ = {isa = PBXBuildFile; fileRef = 739A447313B811E200E7783A /* SPPlayer.m */; };
		739A44A013B85C9A00E7783A /* SPPagination.h in Headers */ = {isa = PBXBuildFile; fileRef = 739A449E13B85C9A00E7783A /* SPPagination.h */; settings = {ATTRIBUTES = (Private, ); }; };
		739A44A113B85C9A00E7783A /* SPPagination.m in Sources */ = {isa = PBXBuildFile; fileRef = 739A449F13B85C9A00E7783A /* SPPagination.m */; };
		739A44A813B8642B00E7783A /* SPRequest.h in Headers */ = {isa = PBXBuildFile; fileRef = 739A44A613B8642B00E7783A /* SPRequest.h */; settings = {ATTRIBUTES = (Private, ); }; };
		739A44A913B8642B00E7783A /* SPRequest.m in Sources */ = {isa = PBXBuildFile; fileRef = 739A44A713B8642B00E7783A /* SPRequest.m */; };
		739A44AE13B86A8C00E7783A /* SPComment.h in Headers */ = {isa = PBXBuildFile; fileRef = 739A44AC13B86A8C00E7783A /* SPComment.h */; settings = {ATTRIBUTES = (Private, ); }; };
		739A44AF13B86A8C00E7783A /* SPComment.m in Sources */ = {isa = PBXBuildFile; fileRef = 739A44AD13B86A8C00E7783A /* SPComment.m */; };
		739A44B013B86ADB00E7783A /* NSAttributedString+Hyperlink.m in Sources */ = {isa = PBXBuildFile; fileRef = 739A449713B826A000E7783A /* NSAttributedString+Hyperlink.m */; };
		73BBCF2113B7FB0300D5F5DF /* SPShot.h in Headers */ = {isa = PBXBuildFile; fileRef = 73BBCF1F13B7FB0300D5F5DF /* SPShot.h */; settings = {ATTRIBUTES = (Private, ); }; };
		73BBCF2213B7FB0300D5F5DF /* SPShot.m in Sources */ = {isa = PBXBuildFile; fileRef = 73BBCF2013B7FB0300D5F5DF /* SPShot.m */; };
/* End PBXBuildFile section */

/* Begin PBXContainerItemProxy section */
		73698B9F13B6821000922D1A /* PBXContainerItemProxy */ = {
			isa = PBXContainerItemProxy;
			containerPortal = 73698B6413B681F400922D1A /* Project object */;
			proxyType = 1;
			remoteGlobalIDString = 73698B6D13B681F400922D1A;
			remoteInfo = Spectttator;
		};
/* End PBXContainerItemProxy section */

/* Begin PBXCopyFilesBuildPhase section */
		73698BA313B6821B00922D1A /* Copy Frameworks */ = {
			isa = PBXCopyFilesBuildPhase;
			buildActionMask = 2147483647;
			dstPath = "";
			dstSubfolderSpec = 10;
			files = (
				73698BA413B6823000922D1A /* Spectttator.framework in Copy Frameworks */,
			);
			name = "Copy Frameworks";
			runOnlyForDeploymentPostprocessing = 0;
		};
/* End PBXCopyFilesBuildPhase section */

/* Begin PBXFileReference section */
		7316994913B89753003F6E05 /* NSObject+SBJson.h */ = {isa = PBXFileReference; fileEncoding = 4; lastKnownFileType = sourcecode.c.h; path = "NSObject+SBJson.h"; sourceTree = "<group>"; };
		7316994A13B89753003F6E05 /* NSObject+SBJson.m */ = {isa = PBXFileReference; fileEncoding = 4; lastKnownFileType = sourcecode.c.objc; path = "NSObject+SBJson.m"; sourceTree = "<group>"; };
		7316994B13B89753003F6E05 /* SBJson.h */ = {isa = PBXFileReference; fileEncoding = 4; lastKnownFileType = sourcecode.c.h; path = SBJson.h; sourceTree = "<group>"; };
		7316994C13B89753003F6E05 /* SBJsonParser.h */ = {isa = PBXFileReference; fileEncoding = 4; lastKnownFileType = sourcecode.c.h; path = SBJsonParser.h; sourceTree = "<group>"; };
		7316994D13B89753003F6E05 /* SBJsonParser.m */ = {isa = PBXFileReference; fileEncoding = 4; lastKnownFileType = sourcecode.c.objc; path = SBJsonParser.m; sourceTree = "<group>"; };
		7316994E13B89753003F6E05 /* SBJsonStreamParser.h */ = {isa = PBXFileReference; fileEncoding = 4; lastKnownFileType = sourcecode.c.h; path = SBJsonStreamParser.h; sourceTree = "<group>"; };
		7316994F13B89753003F6E05 /* SBJsonStreamParser.m */ = {isa = PBXFileReference; fileEncoding = 4; lastKnownFileType = sourcecode.c.objc; path = SBJsonStreamParser.m; sourceTree = "<group>"; };
		7316995013B89753003F6E05 /* SBJsonStreamParserAccumulator.h */ = {isa = PBXFileReference; fileEncoding = 4; lastKnownFileType = sourcecode.c.h; path = SBJsonStreamParserAccumulator.h; sourceTree = "<group>"; };
		7316995113B89753003F6E05 /* SBJsonStreamParserAccumulator.m */ = {isa = PBXFileReference; fileEncoding = 4; lastKnownFileType = sourcecode.c.objc; path = SBJsonStreamParserAccumulator.m; sourceTree = "<group>"; };
		7316995213B89753003F6E05 /* SBJsonStreamParserAdapter.h */ = {isa = PBXFileReference; fileEncoding = 4; lastKnownFileType = sourcecode.c.h; path = SBJsonStreamParserAdapter.h; sourceTree = "<group>"; };
		7316995313B89753003F6E05 /* SBJsonStreamParserAdapter.m */ = {isa = PBXFileReference; fileEncoding = 4; lastKnownFileType = sourcecode.c.objc; path = SBJsonStreamParserAdapter.m; sourceTree = "<group>"; };
		7316995413B89753003F6E05 /* SBJsonStreamParserState.h */ = {isa = PBXFileReference; fileEncoding = 4; lastKnownFileType = sourcecode.c.h; path = SBJsonStreamParserState.h; sourceTree = "<group>"; };
		7316995513B89753003F6E05 /* SBJsonStreamParserState.m */ = {isa = PBXFileReference; fileEncoding = 4; lastKnownFileType = sourcecode.c.objc; path = SBJsonStreamParserState.m; sourceTree = "<group>"; };
		7316995613B89753003F6E05 /* SBJsonStreamWriter.h */ = {isa = PBXFileReference; fileEncoding = 4; lastKnownFileType = sourcecode.c.h; path = SBJsonStreamWriter.h; sourceTree = "<group>"; };
		7316995713B89753003F6E05 /* SBJsonStreamWriter.m */ = {isa = PBXFileReference; fileEncoding = 4; lastKnownFileType = sourcecode.c.objc; path = SBJsonStreamWriter.m; sourceTree = "<group>"; };
		7316995813B89753003F6E05 /* SBJsonStreamWriterAccumulator.h */ = {isa = PBXFileReference; fileEncoding = 4; lastKnownFileType = sourcecode.c.h; path = SBJsonStreamWriterAccumulator.h; sourceTree = "<group>"; };
		7316995913B89753003F6E05 /* SBJsonStreamWriterAccumulator.m */ = {isa = PBXFileReference; fileEncoding = 4; lastKnownFileType = sourcecode.c.objc; path = SBJsonStreamWriterAccumulator.m; sourceTree = "<group>"; };
		7316995A13B89753003F6E05 /* SBJsonStreamWriterState.h */ = {isa = PBXFileReference; fileEncoding = 4; lastKnownFileType = sourcecode.c.h; path = SBJsonStreamWriterState.h; sourceTree = "<group>"; };
		7316995B13B89753003F6E05 /* SBJsonStreamWriterState.m */ = {isa = PBXFileReference; fileEncoding = 4; lastKnownFileType = sourcecode.c.objc; path = SBJsonStreamWriterState.m; sourceTree = "<group>"; };
		7316995C13B89753003F6E05 /* SBJsonTokeniser.h */ = {isa = PBXFileReference; fileEncoding = 4; lastKnownFileType = sourcecode.c.h; path = SBJsonTokeniser.h; sourceTree = "<group>"; };
		7316995D13B89753003F6E05 /* SBJsonTokeniser.m */ = {isa = PBXFileReference; fileEncoding = 4; lastKnownFileType = sourcecode.c.objc; path = SBJsonTokeniser.m; sourceTree = "<group>"; };
		7316995E13B89753003F6E05 /* SBJsonUTF8Stream.h */ = {isa = PBXFileReference; fileEncoding = 4; lastKnownFileType = sourcecode.c.h; path = SBJsonUTF8Stream.h; sourceTree = "<group>"; };
		7316995F13B89753003F6E05 /* SBJsonUTF8Stream.m */ = {isa = PBXFileReference; fileEncoding = 4; lastKnownFileType = sourcecode.c.objc; path = SBJsonUTF8Stream.m; sourceTree = "<group>"; };
		7316996013B89753003F6E05 /* SBJsonWriter.h */ = {isa = PBXFileReference; fileEncoding = 4; lastKnownFileType = sourcecode.c.h; path = SBJsonWriter.h; sourceTree = "<group>"; };
		7316996113B89753003F6E05 /* SBJsonWriter.m */ = {isa = PBXFileReference; fileEncoding = 4; lastKnownFileType = sourcecode.c.objc; path = SBJsonWriter.m; sourceTree = "<group>"; };
		73698B6E13B681F400922D1A /* Spectttator.framework */ = {isa = PBXFileReference; explicitFileType = wrapper.framework; includeInIndex = 0; path = Spectttator.framework; sourceTree = BUILT_PRODUCTS_DIR; };
		73698B7113B681F400922D1A /* Cocoa.framework */ = {isa = PBXFileReference; lastKnownFileType = wrapper.framework; name = Cocoa.framework; path = System/Library/Frameworks/Cocoa.framework; sourceTree = SDKROOT; };
		73698B7613B681F400922D1A /* Foundation.framework */ = {isa = PBXFileReference; lastKnownFileType = wrapper.framework; name = Foundation.framework; path = System/Library/Frameworks/Foundation.framework; sourceTree = SDKROOT; };
		73698B7913B681F400922D1A /* Spectttator-Info.plist */ = {isa = PBXFileReference; lastKnownFileType = text.plist.xml; path = "Spectttator-Info.plist"; sourceTree = "<group>"; };
		73698B7D13B681F400922D1A /* Spectttator-Prefix.pch */ = {isa = PBXFileReference; lastKnownFileType = sourcecode.c.h; path = "Spectttator-Prefix.pch"; sourceTree = "<group>"; };
		73698B8713B6820100922D1A /* SpectttatorTest.app */ = {isa = PBXFileReference; explicitFileType = wrapper.application; includeInIndex = 0; path = SpectttatorTest.app; sourceTree = BUILT_PRODUCTS_DIR; };
		73698B8C13B6820100922D1A /* SpectttatorTest-Info.plist */ = {isa = PBXFileReference; lastKnownFileType = text.plist.xml; path = "SpectttatorTest-Info.plist"; sourceTree = "<group>"; };
		73698B9013B6820100922D1A /* main.m */ = {isa = PBXFileReference; lastKnownFileType = sourcecode.c.objc; path = main.m; sourceTree = "<group>"; };
		73698B9213B6820100922D1A /* SpectttatorTest-Prefix.pch */ = {isa = PBXFileReference; lastKnownFileType = sourcecode.c.h; path = "SpectttatorTest-Prefix.pch"; sourceTree = "<group>"; };
		73698B9613B6820100922D1A /* SpectttatorTestAppDelegate.h */ = {isa = PBXFileReference; lastKnownFileType = sourcecode.c.h; path = SpectttatorTestAppDelegate.h; sourceTree = "<group>"; };
		73698B9713B6820100922D1A /* SpectttatorTestAppDelegate.m */ = {isa = PBXFileReference; lastKnownFileType = sourcecode.c.objc; path = SpectttatorTestAppDelegate.m; sourceTree = "<group>"; };
		73698B9A13B6820100922D1A /* en */ = {isa = PBXFileReference; lastKnownFileType = file.xib; name = en; path = en.lproj/MainMenu.xib; sourceTree = "<group>"; };
		73698BA813B6832E00922D1A /* Spectttator.h */ = {isa = PBXFileReference; fileEncoding = 4; lastKnownFileType = sourcecode.c.h; path = Spectttator.h; sourceTree = "<group>"; };
		73698BAC13B6839500922D1A /* SPManager.h */ = {isa = PBXFileReference; fileEncoding = 4; lastKnownFileType = sourcecode.c.h; path = SPManager.h; sourceTree = "<group>"; };
		73698BAD13B6839500922D1A /* SPManager.m */ = {isa = PBXFileReference; fileEncoding = 4; lastKnownFileType = sourcecode.c.objc; path = SPManager.m; sourceTree = "<group>"; };
		739A447213B811E200E7783A /* SPPlayer.h */ = {isa = PBXFileReference; fileEncoding = 4; lastKnownFileType = sourcecode.c.h; path = SPPlayer.h; sourceTree = "<group>"; };
		739A447313B811E200E7783A /* SPPlayer.m */ = {isa = PBXFileReference; fileEncoding = 4; lastKnownFileType = sourcecode.c.objc; path = SPPlayer.m; sourceTree = "<group>"; };
		739A449613B826A000E7783A /* NSAttributedString+Hyperlink.h */ = {isa = PBXFileReference; fileEncoding = 4; lastKnownFileType = sourcecode.c.h; path = "NSAttributedString+Hyperlink.h"; sourceTree = "<group>"; };
		739A449713B826A000E7783A /* NSAttributedString+Hyperlink.m */ = {isa = PBXFileReference; fileEncoding = 4; lastKnownFileType = sourcecode.c.objc; path = "NSAttributedString+Hyperlink.m"; sourceTree = "<group>"; };
		739A449E13B85C9A00E7783A /* SPPagination.h */ = {isa = PBXFileReference; fileEncoding = 4; lastKnownFileType = sourcecode.c.h; path = SPPagination.h; sourceTree = "<group>"; };
		739A449F13B85C9A00E7783A /* SPPagination.m */ = {isa = PBXFileReference; fileEncoding = 4; lastKnownFileType = sourcecode.c.objc; path = SPPagination.m; sourceTree = "<group>"; };
		739A44A613B8642B00E7783A /* SPRequest.h */ = {isa = PBXFileReference; fileEncoding = 4; lastKnownFileType = sourcecode.c.h; path = SPRequest.h; sourceTree = "<group>"; };
		739A44A713B8642B00E7783A /* SPRequest.m */ = {isa = PBXFileReference; fileEncoding = 4; lastKnownFileType = sourcecode.c.objc; path = SPRequest.m; sourceTree = "<group>"; };
		739A44AC13B86A8C00E7783A /* SPComment.h */ = {isa = PBXFileReference; fileEncoding = 4; lastKnownFileType = sourcecode.c.h; path = SPComment.h; sourceTree = "<group>"; };
		739A44AD13B86A8C00E7783A /* SPComment.m */ = {isa = PBXFileReference; fileEncoding = 4; lastKnownFileType = sourcecode.c.objc; path = SPComment.m; sourceTree = "<group>"; };
		73BBCF1F13B7FB0300D5F5DF /* SPShot.h */ = {isa = PBXFileReference; fileEncoding = 4; lastKnownFileType = sourcecode.c.h; path = SPShot.h; sourceTree = "<group>"; };
		73BBCF2013B7FB0300D5F5DF /* SPShot.m */ = {isa = PBXFileReference; fileEncoding = 4; lastKnownFileType = sourcecode.c.objc; path = SPShot.m; sourceTree = "<group>"; };
/* End PBXFileReference section */

/* Begin PBXFrameworksBuildPhase section */
		73698B6A13B681F400922D1A /* Frameworks */ = {
			isa = PBXFrameworksBuildPhase;
			buildActionMask = 2147483647;
			files = (
				73698B7213B681F400922D1A /* Cocoa.framework in Frameworks */,
			);
			runOnlyForDeploymentPostprocessing = 0;
		};
		73698B8413B6820100922D1A /* Frameworks */ = {
			isa = PBXFrameworksBuildPhase;
			buildActionMask = 2147483647;
			files = (
				73698BA113B6821500922D1A /* Spectttator.framework in Frameworks */,
				73698B8913B6820100922D1A /* Cocoa.framework in Frameworks */,
			);
			runOnlyForDeploymentPostprocessing = 0;
		};
/* End PBXFrameworksBuildPhase section */

/* Begin PBXGroup section */
		7316994813B89753003F6E05 /* SBJson */ = {
			isa = PBXGroup;
			children = (
				7316994913B89753003F6E05 /* NSObject+SBJson.h */,
				7316994A13B89753003F6E05 /* NSObject+SBJson.m */,
				7316994B13B89753003F6E05 /* SBJson.h */,
				7316994C13B89753003F6E05 /* SBJsonParser.h */,
				7316994D13B89753003F6E05 /* SBJsonParser.m */,
				7316994E13B89753003F6E05 /* SBJsonStreamParser.h */,
				7316994F13B89753003F6E05 /* SBJsonStreamParser.m */,
				7316995013B89753003F6E05 /* SBJsonStreamParserAccumulator.h */,
				7316995113B89753003F6E05 /* SBJsonStreamParserAccumulator.m */,
				7316995213B89753003F6E05 /* SBJsonStreamParserAdapter.h */,
				7316995313B89753003F6E05 /* SBJsonStreamParserAdapter.m */,
				7316995413B89753003F6E05 /* SBJsonStreamParserState.h */,
				7316995513B89753003F6E05 /* SBJsonStreamParserState.m */,
				7316995613B89753003F6E05 /* SBJsonStreamWriter.h */,
				7316995713B89753003F6E05 /* SBJsonStreamWriter.m */,
				7316995813B89753003F6E05 /* SBJsonStreamWriterAccumulator.h */,
				7316995913B89753003F6E05 /* SBJsonStreamWriterAccumulator.m */,
				7316995A13B89753003F6E05 /* SBJsonStreamWriterState.h */,
				7316995B13B89753003F6E05 /* SBJsonStreamWriterState.m */,
				7316995C13B89753003F6E05 /* SBJsonTokeniser.h */,
				7316995D13B89753003F6E05 /* SBJsonTokeniser.m */,
				7316995E13B89753003F6E05 /* SBJsonUTF8Stream.h */,
				7316995F13B89753003F6E05 /* SBJsonUTF8Stream.m */,
				7316996013B89753003F6E05 /* SBJsonWriter.h */,
				7316996113B89753003F6E05 /* SBJsonWriter.m */,
			);
			name = SBJson;
			path = SBJson/Classes;
			sourceTree = "<group>";
		};
		73698B6213B681F400922D1A = {
			isa = PBXGroup;
			children = (
				73698B7713B681F400922D1A /* Spectttator */,
				73698B8A13B6820100922D1A /* SpectttatorTest */,
				73698B7013B681F400922D1A /* Mac Frameworks */,
				73698B6F13B681F400922D1A /* Products */,
			);
			sourceTree = "<group>";
		};
		73698B6F13B681F400922D1A /* Products */ = {
			isa = PBXGroup;
			children = (
				73698B6E13B681F400922D1A /* Spectttator.framework */,
				73698B8713B6820100922D1A /* SpectttatorTest.app */,
			);
			name = Products;
			sourceTree = "<group>";
		};
		73698B7013B681F400922D1A /* Mac Frameworks */ = {
			isa = PBXGroup;
			children = (
				73698B7613B681F400922D1A /* Foundation.framework */,
				73698B7113B681F400922D1A /* Cocoa.framework */,
			);
			name = "Mac Frameworks";
			sourceTree = "<group>";
		};
		73698B7713B681F400922D1A /* Spectttator */ = {
			isa = PBXGroup;
			children = (
				73698BA813B6832E00922D1A /* Spectttator.h */,
				73698BAC13B6839500922D1A /* SPManager.h */,
				73698BAD13B6839500922D1A /* SPManager.m */,
				73BBCF1F13B7FB0300D5F5DF /* SPShot.h */,
				73BBCF2013B7FB0300D5F5DF /* SPShot.m */,
				739A447213B811E200E7783A /* SPPlayer.h */,
				739A447313B811E200E7783A /* SPPlayer.m */,
				739A44AC13B86A8C00E7783A /* SPComment.h */,
				739A44AD13B86A8C00E7783A /* SPComment.m */,
				739A449E13B85C9A00E7783A /* SPPagination.h */,
				739A449F13B85C9A00E7783A /* SPPagination.m */,
				739A44A613B8642B00E7783A /* SPRequest.h */,
				739A44A713B8642B00E7783A /* SPRequest.m */,
				7316994813B89753003F6E05 /* SBJson */,
				73698B7813B681F400922D1A /* Supporting Files */,
			);
			path = Spectttator;
			sourceTree = "<group>";
		};
		73698B7813B681F400922D1A /* Supporting Files */ = {
			isa = PBXGroup;
			children = (
				73698B7913B681F400922D1A /* Spectttator-Info.plist */,
				73698B7D13B681F400922D1A /* Spectttator-Prefix.pch */,
			);
			name = "Supporting Files";
			sourceTree = "<group>";
		};
		73698B8A13B6820100922D1A /* SpectttatorTest */ = {
			isa = PBXGroup;
			children = (
				73698B9613B6820100922D1A /* SpectttatorTestAppDelegate.h */,
				73698B9713B6820100922D1A /* SpectttatorTestAppDelegate.m */,
				739A449613B826A000E7783A /* NSAttributedString+Hyperlink.h */,
				739A449713B826A000E7783A /* NSAttributedString+Hyperlink.m */,
				73698B9913B6820100922D1A /* MainMenu.xib */,
				73698B8B13B6820100922D1A /* Supporting Files */,
			);
			path = SpectttatorTest;
			sourceTree = "<group>";
		};
		73698B8B13B6820100922D1A /* Supporting Files */ = {
			isa = PBXGroup;
			children = (
				73698B8C13B6820100922D1A /* SpectttatorTest-Info.plist */,
				73698B9013B6820100922D1A /* main.m */,
				73698B9213B6820100922D1A /* SpectttatorTest-Prefix.pch */,
			);
			name = "Supporting Files";
			sourceTree = "<group>";
		};
/* End PBXGroup section */

/* Begin PBXHeadersBuildPhase section */
		73698B6B13B681F400922D1A /* Headers */ = {
			isa = PBXHeadersBuildPhase;
			buildActionMask = 2147483647;
			files = (
				73698BAA13B6832E00922D1A /* Spectttator.h in Headers */,
				73BBCF2113B7FB0300D5F5DF /* SPShot.h in Headers */,
				739A44A013B85C9A00E7783A /* SPPagination.h in Headers */,
				739A44A813B8642B00E7783A /* SPRequest.h in Headers */,
				739A44AE13B86A8C00E7783A /* SPComment.h in Headers */,
				739A447413B811E200E7783A /* SPPlayer.h in Headers */,
				73698BAE13B6839500922D1A /* SPManager.h in Headers */,
				7316996213B89753003F6E05 /* NSObject+SBJson.h in Headers */,
				7316996413B89753003F6E05 /* SBJson.h in Headers */,
				7316996513B89753003F6E05 /* SBJsonParser.h in Headers */,
				7316996713B89753003F6E05 /* SBJsonStreamParser.h in Headers */,
				7316996913B89753003F6E05 /* SBJsonStreamParserAccumulator.h in Headers */,
				7316996B13B89753003F6E05 /* SBJsonStreamParserAdapter.h in Headers */,
				7316996D13B89753003F6E05 /* SBJsonStreamParserState.h in Headers */,
				7316996F13B89753003F6E05 /* SBJsonStreamWriter.h in Headers */,
				7316997113B89753003F6E05 /* SBJsonStreamWriterAccumulator.h in Headers */,
				7316997313B89753003F6E05 /* SBJsonStreamWriterState.h in Headers */,
				7316997513B89753003F6E05 /* SBJsonTokeniser.h in Headers */,
				7316997713B89753003F6E05 /* SBJsonUTF8Stream.h in Headers */,
				7316997913B89753003F6E05 /* SBJsonWriter.h in Headers */,
			);
			runOnlyForDeploymentPostprocessing = 0;
		};
/* End PBXHeadersBuildPhase section */

/* Begin PBXNativeTarget section */
		73698B6D13B681F400922D1A /* Spectttator */ = {
			isa = PBXNativeTarget;
			buildConfigurationList = 73698B8013B681F400922D1A /* Build configuration list for PBXNativeTarget "Spectttator" */;
			buildPhases = (
				73698B6913B681F400922D1A /* Sources */,
				73698B6A13B681F400922D1A /* Frameworks */,
				73698B6B13B681F400922D1A /* Headers */,
			);
			buildRules = (
			);
			dependencies = (
			);
			name = Spectttator;
			productName = Spectttator;
			productReference = 73698B6E13B681F400922D1A /* Spectttator.framework */;
			productType = "com.apple.product-type.framework";
		};
		73698B8613B6820100922D1A /* SpectttatorTest */ = {
			isa = PBXNativeTarget;
			buildConfigurationList = 73698B9C13B6820100922D1A /* Build configuration list for PBXNativeTarget "SpectttatorTest" */;
			buildPhases = (
				73698B8313B6820100922D1A /* Sources */,
				73698B8413B6820100922D1A /* Frameworks */,
				73698B8513B6820100922D1A /* Resources */,
				73698BA313B6821B00922D1A /* Copy Frameworks */,
			);
			buildRules = (
			);
			dependencies = (
				73698BA013B6821000922D1A /* PBXTargetDependency */,
			);
			name = SpectttatorTest;
			productName = SpectttatorTest;
			productReference = 73698B8713B6820100922D1A /* SpectttatorTest.app */;
			productType = "com.apple.product-type.application";
		};
/* End PBXNativeTarget section */

/* Begin PBXProject section */
		73698B6413B681F400922D1A /* Project object */ = {
			isa = PBXProject;
			attributes = {
				ORGANIZATIONNAME = "InScopeApps {+}";
			};
			buildConfigurationList = 73698B6713B681F400922D1A /* Build configuration list for PBXProject "Spectttator" */;
			compatibilityVersion = "Xcode 3.2";
			developmentRegion = English;
			hasScannedForEncodings = 0;
			knownRegions = (
				en,
			);
			mainGroup = 73698B6213B681F400922D1A;
			productRefGroup = 73698B6F13B681F400922D1A /* Products */;
			projectDirPath = "";
			projectRoot = "";
			targets = (
				73698B6D13B681F400922D1A /* Spectttator */,
				73698B8613B6820100922D1A /* SpectttatorTest */,
			);
		};
/* End PBXProject section */

/* Begin PBXResourcesBuildPhase section */
		73698B8513B6820100922D1A /* Resources */ = {
			isa = PBXResourcesBuildPhase;
			buildActionMask = 2147483647;
			files = (
				73698B9B13B6820100922D1A /* MainMenu.xib in Resources */,
			);
			runOnlyForDeploymentPostprocessing = 0;
		};
/* End PBXResourcesBuildPhase section */

/* Begin PBXSourcesBuildPhase section */
		73698B6913B681F400922D1A /* Sources */ = {
			isa = PBXSourcesBuildPhase;
			buildActionMask = 2147483647;
			files = (
				73698BAF13B6839500922D1A /* SPManager.m in Sources */,
				73BBCF2213B7FB0300D5F5DF /* SPShot.m in Sources */,
				739A447513B811E200E7783A /* SPPlayer.m in Sources */,
				739A44A113B85C9A00E7783A /* SPPagination.m in Sources */,
				739A44A913B8642B00E7783A /* SPRequest.m in Sources */,
				739A44AF13B86A8C00E7783A /* SPComment.m in Sources */,
				7316996313B89753003F6E05 /* NSObject+SBJson.m in Sources */,
				7316996613B89753003F6E05 /* SBJsonParser.m in Sources */,
				7316996813B89753003F6E05 /* SBJsonStreamParser.m in Sources */,
				7316996A13B89753003F6E05 /* SBJsonStreamParserAccumulator.m in Sources */,
				7316996C13B89753003F6E05 /* SBJsonStreamParserAdapter.m in Sources */,
				7316996E13B89753003F6E05 /* SBJsonStreamParserState.m in Sources */,
				7316997013B89753003F6E05 /* SBJsonStreamWriter.m in Sources */,
				7316997213B89753003F6E05 /* SBJsonStreamWriterAccumulator.m in Sources */,
				7316997413B89753003F6E05 /* SBJsonStreamWriterState.m in Sources */,
				7316997613B89753003F6E05 /* SBJsonTokeniser.m in Sources */,
				7316997813B89753003F6E05 /* SBJsonUTF8Stream.m in Sources */,
				7316997A13B89753003F6E05 /* SBJsonWriter.m in Sources */,
			);
			runOnlyForDeploymentPostprocessing = 0;
		};
		73698B8313B6820100922D1A /* Sources */ = {
			isa = PBXSourcesBuildPhase;
			buildActionMask = 2147483647;
			files = (
				73698B9113B6820100922D1A /* main.m in Sources */,
				73698B9813B6820100922D1A /* SpectttatorTestAppDelegate.m in Sources */,
				739A44B013B86ADB00E7783A /* NSAttributedString+Hyperlink.m in Sources */,
			);
			runOnlyForDeploymentPostprocessing = 0;
		};
/* End PBXSourcesBuildPhase section */

/* Begin PBXTargetDependency section */
		73698BA013B6821000922D1A /* PBXTargetDependency */ = {
			isa = PBXTargetDependency;
			target = 73698B6D13B681F400922D1A /* Spectttator */;
			targetProxy = 73698B9F13B6821000922D1A /* PBXContainerItemProxy */;
		};
/* End PBXTargetDependency section */

/* Begin PBXVariantGroup section */
		73698B9913B6820100922D1A /* MainMenu.xib */ = {
			isa = PBXVariantGroup;
			children = (
				73698B9A13B6820100922D1A /* en */,
			);
			name = MainMenu.xib;
			sourceTree = "<group>";
		};
/* End PBXVariantGroup section */

/* Begin XCBuildConfiguration section */
		73698B7E13B681F400922D1A /* Debug */ = {
			isa = XCBuildConfiguration;
			buildSettings = {
				ALWAYS_SEARCH_USER_PATHS = NO;
				ARCHS = "$(ARCHS_STANDARD_32_64_BIT)";
				COPY_PHASE_STRIP = NO;
				GCC_C_LANGUAGE_STANDARD = gnu99;
				GCC_DYNAMIC_NO_PIC = NO;
				GCC_ENABLE_OBJC_EXCEPTIONS = YES;
				GCC_OPTIMIZATION_LEVEL = 0;
				GCC_PREPROCESSOR_DEFINITIONS = (
					"DEBUG=1",
					"$(inherited)",
				);
				GCC_SYMBOLS_PRIVATE_EXTERN = NO;
				GCC_VERSION = com.apple.compilers.llvm.clang.1_0;
				GCC_WARN_64_TO_32_BIT_CONVERSION = YES;
				GCC_WARN_ABOUT_MISSING_PROTOTYPES = YES;
				GCC_WARN_ABOUT_RETURN_TYPE = YES;
				GCC_WARN_UNUSED_VARIABLE = YES;
				MACOSX_DEPLOYMENT_TARGET = 10.6;
				ONLY_ACTIVE_ARCH = YES;
				SDKROOT = macosx;
			};
			name = Debug;
		};
		73698B7F13B681F400922D1A /* Release */ = {
			isa = XCBuildConfiguration;
			buildSettings = {
				ALWAYS_SEARCH_USER_PATHS = NO;
				ARCHS = "$(ARCHS_STANDARD_32_64_BIT)";
				COPY_PHASE_STRIP = YES;
				DEBUG_INFORMATION_FORMAT = "dwarf-with-dsym";
				GCC_C_LANGUAGE_STANDARD = gnu99;
				GCC_ENABLE_OBJC_EXCEPTIONS = YES;
				GCC_VERSION = com.apple.compilers.llvm.clang.1_0;
				GCC_WARN_64_TO_32_BIT_CONVERSION = YES;
				GCC_WARN_ABOUT_MISSING_PROTOTYPES = YES;
				GCC_WARN_ABOUT_RETURN_TYPE = YES;
				GCC_WARN_UNUSED_VARIABLE = YES;
				MACOSX_DEPLOYMENT_TARGET = 10.6;
				SDKROOT = macosx;
			};
			name = Release;
		};
		73698B8113B681F400922D1A /* Debug */ = {
			isa = XCBuildConfiguration;
			buildSettings = {
				DYLIB_COMPATIBILITY_VERSION = 1;
				DYLIB_CURRENT_VERSION = 1;
				FRAMEWORK_VERSION = A;
				GCC_PRECOMPILE_PREFIX_HEADER = YES;
				GCC_PREFIX_HEADER = "Spectttator/Spectttator-Prefix.pch";
				INFOPLIST_FILE = "Spectttator/Spectttator-Info.plist";
				INSTALL_PATH = "@executable_path/../Frameworks";
				PRODUCT_NAME = "$(TARGET_NAME)";
				SKIP_INSTALL = YES;
				WRAPPER_EXTENSION = framework;
			};
			name = Debug;
		};
		73698B8213B681F400922D1A /* Release */ = {
			isa = XCBuildConfiguration;
			buildSettings = {
				DYLIB_COMPATIBILITY_VERSION = 1;
				DYLIB_CURRENT_VERSION = 1;
				FRAMEWORK_VERSION = A;
				GCC_PRECOMPILE_PREFIX_HEADER = YES;
				GCC_PREFIX_HEADER = "Spectttator/Spectttator-Prefix.pch";
				INFOPLIST_FILE = "Spectttator/Spectttator-Info.plist";
				INSTALL_PATH = "@executable_path/../Frameworks";
				PRODUCT_NAME = "$(TARGET_NAME)";
				SKIP_INSTALL = YES;
				WRAPPER_EXTENSION = framework;
			};
			name = Release;
		};
		73698B9D13B6820100922D1A /* Debug */ = {
			isa = XCBuildConfiguration;
			buildSettings = {
				GCC_PRECOMPILE_PREFIX_HEADER = YES;
				GCC_PREFIX_HEADER = "SpectttatorTest/SpectttatorTest-Prefix.pch";
				INFOPLIST_FILE = "SpectttatorTest/SpectttatorTest-Info.plist";
				PRODUCT_NAME = "$(TARGET_NAME)";
				WRAPPER_EXTENSION = app;
			};
			name = Debug;
		};
		73698B9E13B6820100922D1A /* Release */ = {
			isa = XCBuildConfiguration;
			buildSettings = {
				GCC_PRECOMPILE_PREFIX_HEADER = YES;
				GCC_PREFIX_HEADER = "SpectttatorTest/SpectttatorTest-Prefix.pch";
				INFOPLIST_FILE = "SpectttatorTest/SpectttatorTest-Info.plist";
				PRODUCT_NAME = "$(TARGET_NAME)";
				WRAPPER_EXTENSION = app;
			};
			name = Release;
		};
/* End XCBuildConfiguration section */

/* Begin XCConfigurationList section */
		73698B6713B681F400922D1A /* Build configuration list for PBXProject "Spectttator" */ = {
			isa = XCConfigurationList;
			buildConfigurations = (
				73698B7E13B681F400922D1A /* Debug */,
				73698B7F13B681F400922D1A /* Release */,
			);
			defaultConfigurationIsVisible = 0;
			defaultConfigurationName = Release;
		};
		73698B8013B681F400922D1A /* Build configuration list for PBXNativeTarget "Spectttator" */ = {
			isa = XCConfigurationList;
			buildConfigurations = (
				73698B8113B681F400922D1A /* Debug */,
				73698B8213B681F400922D1A /* Release */,
			);
			defaultConfigurationIsVisible = 0;
			defaultConfigurationName = Release;
		};
		73698B9C13B6820100922D1A /* Build configuration list for PBXNativeTarget "SpectttatorTest" */ = {
			isa = XCConfigurationList;
			buildConfigurations = (
				73698B9D13B6820100922D1A /* Debug */,
				73698B9E13B6820100922D1A /* Release */,
			);
			defaultConfigurationIsVisible = 0;
			defaultConfigurationName = Release;
		};
/* End XCConfigurationList section */
	};
	rootObject = 73698B6413B681F400922D1A /* Project object */;
}
