// !$*UTF8*$!
{
	archiveVersion = 1;
	classes = {
	};
	objectVersion = 46;
	objects = {

/* Begin PBXBuildFile section */
		73698B7213B681F400922D1A /* Cocoa.framework in Frameworks */ = {isa = PBXBuildFile; fileRef = 73698B7113B681F400922D1A /* Cocoa.framework */; };
		73698BAA13B6832E00922D1A /* Spectttator.h in Headers */ = {isa = PBXBuildFile; fileRef = 73698BA813B6832E00922D1A /* Spectttator.h */; settings = {ATTRIBUTES = (Public, ); }; };
		73698BAE13B6839500922D1A /* SPManager.h in Headers */ = {isa = PBXBuildFile; fileRef = 73698BAC13B6839500922D1A /* SPManager.h */; settings = {ATTRIBUTES = (Public, ); }; };
		73698BAF13B6839500922D1A /* SPManager.m in Sources */ = {isa = PBXBuildFile; fileRef = 73698BAD13B6839500922D1A /* SPManager.m */; };
		739A447413B811E200E7783A /* SPPlayer.h in Headers */ = {isa = PBXBuildFile; fileRef = 739A447213B811E200E7783A /* SPPlayer.h */; settings = {ATTRIBUTES = (Public, ); }; };
		739A447513B811E200E7783A /* SPPlayer.m in Sources */ = {isa = PBXBuildFile; fileRef = 739A447313B811E200E7783A /* SPPlayer.m */; };
		739A44A013B85C9A00E7783A /* SPPagination.h in Headers */ = {isa = PBXBuildFile; fileRef = 739A449E13B85C9A00E7783A /* SPPagination.h */; settings = {ATTRIBUTES = (Public, ); }; };
		739A44A113B85C9A00E7783A /* SPPagination.m in Sources */ = {isa = PBXBuildFile; fileRef = 739A449F13B85C9A00E7783A /* SPPagination.m */; };
		739A44A813B8642B00E7783A /* SPRequest.h in Headers */ = {isa = PBXBuildFile; fileRef = 739A44A613B8642B00E7783A /* SPRequest.h */; settings = {ATTRIBUTES = (Private, ); }; };
		739A44A913B8642B00E7783A /* SPRequest.m in Sources */ = {isa = PBXBuildFile; fileRef = 739A44A713B8642B00E7783A /* SPRequest.m */; };
		739A44AE13B86A8C00E7783A /* SPComment.h in Headers */ = {isa = PBXBuildFile; fileRef = 739A44AC13B86A8C00E7783A /* SPComment.h */; settings = {ATTRIBUTES = (Public, ); }; };
		739A44AF13B86A8C00E7783A /* SPComment.m in Sources */ = {isa = PBXBuildFile; fileRef = 739A44AD13B86A8C00E7783A /* SPComment.m */; };
		73BBCF2113B7FB0300D5F5DF /* SPShot.h in Headers */ = {isa = PBXBuildFile; fileRef = 73BBCF1F13B7FB0300D5F5DF /* SPShot.h */; settings = {ATTRIBUTES = (Public, ); }; };
		73BBCF2213B7FB0300D5F5DF /* SPShot.m in Sources */ = {isa = PBXBuildFile; fileRef = 73BBCF2013B7FB0300D5F5DF /* SPShot.m */; };
		73C01C8613C2EAF700A8ECDB /* SPManager.m in Sources */ = {isa = PBXBuildFile; fileRef = 73698BAD13B6839500922D1A /* SPManager.m */; };
		73C01C8713C2EAF700A8ECDB /* SPShot.m in Sources */ = {isa = PBXBuildFile; fileRef = 73BBCF2013B7FB0300D5F5DF /* SPShot.m */; };
		73C01C8813C2EAF700A8ECDB /* SPPlayer.m in Sources */ = {isa = PBXBuildFile; fileRef = 739A447313B811E200E7783A /* SPPlayer.m */; };
		73C01C8913C2EAF700A8ECDB /* SPComment.m in Sources */ = {isa = PBXBuildFile; fileRef = 739A44AD13B86A8C00E7783A /* SPComment.m */; };
		73C01C8A13C2EAF700A8ECDB /* SPPagination.m in Sources */ = {isa = PBXBuildFile; fileRef = 739A449F13B85C9A00E7783A /* SPPagination.m */; };
		73C01C8B13C2EAF700A8ECDB /* SPRequest.m in Sources */ = {isa = PBXBuildFile; fileRef = 739A44A713B8642B00E7783A /* SPRequest.m */; };
		73C01C9813C2EB0B00A8ECDB /* Spectttator.h in Headers */ = {isa = PBXBuildFile; fileRef = 73698BA813B6832E00922D1A /* Spectttator.h */; settings = {ATTRIBUTES = (Public, ); }; };
		73C01C9913C2EB0B00A8ECDB /* SPManager.h in Headers */ = {isa = PBXBuildFile; fileRef = 73698BAC13B6839500922D1A /* SPManager.h */; settings = {ATTRIBUTES = (Public, ); }; };
		73C01C9A13C2EB0B00A8ECDB /* SPShot.h in Headers */ = {isa = PBXBuildFile; fileRef = 73BBCF1F13B7FB0300D5F5DF /* SPShot.h */; settings = {ATTRIBUTES = (Public, ); }; };
		73C01C9B13C2EB0B00A8ECDB /* SPPlayer.h in Headers */ = {isa = PBXBuildFile; fileRef = 739A447213B811E200E7783A /* SPPlayer.h */; settings = {ATTRIBUTES = (Public, ); }; };
		73C01C9C13C2EB0B00A8ECDB /* SPComment.h in Headers */ = {isa = PBXBuildFile; fileRef = 739A44AC13B86A8C00E7783A /* SPComment.h */; settings = {ATTRIBUTES = (Public, ); }; };
		73C01C9D13C2EB0B00A8ECDB /* SPPagination.h in Headers */ = {isa = PBXBuildFile; fileRef = 739A449E13B85C9A00E7783A /* SPPagination.h */; settings = {ATTRIBUTES = (Public, ); }; };
		73C01C9E13C2EB0B00A8ECDB /* SPRequest.h in Headers */ = {isa = PBXBuildFile; fileRef = 739A44A613B8642B00E7783A /* SPRequest.h */; settings = {ATTRIBUTES = (Private, ); }; };
		73C01CAE13C2EBBC00A8ECDB /* UIKit.framework in Frameworks */ = {isa = PBXBuildFile; fileRef = 73C01CAD13C2EBBC00A8ECDB /* UIKit.framework */; };
		73C01CE413C2EDA000A8ECDB /* Foundation.framework in Frameworks */ = {isa = PBXBuildFile; fileRef = 73C01CE213C2ED9800A8ECDB /* Foundation.framework */; };
/* End PBXBuildFile section */

/* Begin PBXFileReference section */
		73698B6E13B681F400922D1A /* Spectttator.framework */ = {isa = PBXFileReference; explicitFileType = wrapper.framework; includeInIndex = 0; path = Spectttator.framework; sourceTree = BUILT_PRODUCTS_DIR; };
		73698B7113B681F400922D1A /* Cocoa.framework */ = {isa = PBXFileReference; lastKnownFileType = wrapper.framework; name = Cocoa.framework; path = System/Library/Frameworks/Cocoa.framework; sourceTree = SDKROOT; };
		73698B7613B681F400922D1A /* Foundation.framework */ = {isa = PBXFileReference; lastKnownFileType = wrapper.framework; name = Foundation.framework; path = System/Library/Frameworks/Foundation.framework; sourceTree = SDKROOT; };
		73698B7913B681F400922D1A /* Spectttator-Info.plist */ = {isa = PBXFileReference; lastKnownFileType = text.plist.xml; path = "Spectttator-Info.plist"; sourceTree = "<group>"; };
		73698B7D13B681F400922D1A /* Spectttator-Prefix.pch */ = {isa = PBXFileReference; lastKnownFileType = sourcecode.c.h; path = "Spectttator-Prefix.pch"; sourceTree = "<group>"; };
		73698BA813B6832E00922D1A /* Spectttator.h */ = {isa = PBXFileReference; fileEncoding = 4; lastKnownFileType = sourcecode.c.h; path = Spectttator.h; sourceTree = "<group>"; };
		73698BAC13B6839500922D1A /* SPManager.h */ = {isa = PBXFileReference; fileEncoding = 4; lastKnownFileType = sourcecode.c.h; path = SPManager.h; sourceTree = "<group>"; };
		73698BAD13B6839500922D1A /* SPManager.m */ = {isa = PBXFileReference; fileEncoding = 4; lastKnownFileType = sourcecode.c.objc; path = SPManager.m; sourceTree = "<group>"; };
		739A447213B811E200E7783A /* SPPlayer.h */ = {isa = PBXFileReference; fileEncoding = 4; lastKnownFileType = sourcecode.c.h; path = SPPlayer.h; sourceTree = "<group>"; };
		739A447313B811E200E7783A /* SPPlayer.m */ = {isa = PBXFileReference; fileEncoding = 4; lastKnownFileType = sourcecode.c.objc; path = SPPlayer.m; sourceTree = "<group>"; };
		739A449E13B85C9A00E7783A /* SPPagination.h */ = {isa = PBXFileReference; fileEncoding = 4; lastKnownFileType = sourcecode.c.h; path = SPPagination.h; sourceTree = "<group>"; };
		739A449F13B85C9A00E7783A /* SPPagination.m */ = {isa = PBXFileReference; fileEncoding = 4; lastKnownFileType = sourcecode.c.objc; path = SPPagination.m; sourceTree = "<group>"; };
		739A44A613B8642B00E7783A /* SPRequest.h */ = {isa = PBXFileReference; fileEncoding = 4; lastKnownFileType = sourcecode.c.h; path = SPRequest.h; sourceTree = "<group>"; };
		739A44A713B8642B00E7783A /* SPRequest.m */ = {isa = PBXFileReference; fileEncoding = 4; lastKnownFileType = sourcecode.c.objc; path = SPRequest.m; sourceTree = "<group>"; };
		739A44AC13B86A8C00E7783A /* SPComment.h */ = {isa = PBXFileReference; fileEncoding = 4; lastKnownFileType = sourcecode.c.h; path = SPComment.h; sourceTree = "<group>"; };
		739A44AD13B86A8C00E7783A /* SPComment.m */ = {isa = PBXFileReference; fileEncoding = 4; lastKnownFileType = sourcecode.c.objc; path = SPComment.m; sourceTree = "<group>"; };
		73BBCF1F13B7FB0300D5F5DF /* SPShot.h */ = {isa = PBXFileReference; fileEncoding = 4; lastKnownFileType = sourcecode.c.h; path = SPShot.h; sourceTree = "<group>"; };
		73BBCF2013B7FB0300D5F5DF /* SPShot.m */ = {isa = PBXFileReference; fileEncoding = 4; lastKnownFileType = sourcecode.c.objc; path = SPShot.m; sourceTree = "<group>"; };
		73C01C7B13C2EA8600A8ECDB /* libSpectttator-iOS.a */ = {isa = PBXFileReference; explicitFileType = archive.ar; includeInIndex = 0; path = "libSpectttator-iOS.a"; sourceTree = BUILT_PRODUCTS_DIR; };
		73C01CAC13C2EB4B00A8ECDB /* Spectttator-iOS-Prefix.pch */ = {isa = PBXFileReference; lastKnownFileType = sourcecode.c.h; path = "Spectttator-iOS-Prefix.pch"; sourceTree = "<group>"; };
		73C01CAD13C2EBBC00A8ECDB /* UIKit.framework */ = {isa = PBXFileReference; lastKnownFileType = wrapper.framework; name = UIKit.framework; path = Platforms/iPhoneOS.platform/Developer/SDKs/iPhoneOS5.0.sdk/System/Library/Frameworks/UIKit.framework; sourceTree = DEVELOPER_DIR; };
		73C01CE213C2ED9800A8ECDB /* Foundation.framework */ = {isa = PBXFileReference; lastKnownFileType = wrapper.framework; name = Foundation.framework; path = Platforms/iPhoneOS.platform/Developer/SDKs/iPhoneOS5.0.sdk/System/Library/Frameworks/Foundation.framework; sourceTree = DEVELOPER_DIR; };
/* End PBXFileReference section */

/* Begin PBXFrameworksBuildPhase section */
		73698B6A13B681F400922D1A /* Frameworks */ = {
			isa = PBXFrameworksBuildPhase;
			buildActionMask = 2147483647;
			files = (
				73698B7213B681F400922D1A /* Cocoa.framework in Frameworks */,
			);
			runOnlyForDeploymentPostprocessing = 0;
		};
		73C01C7813C2EA8600A8ECDB /* Frameworks */ = {
			isa = PBXFrameworksBuildPhase;
			buildActionMask = 2147483647;
			files = (
				73C01CAE13C2EBBC00A8ECDB /* UIKit.framework in Frameworks */,
				73C01CE413C2EDA000A8ECDB /* Foundation.framework in Frameworks */,
			);
			runOnlyForDeploymentPostprocessing = 0;
		};
/* End PBXFrameworksBuildPhase section */

/* Begin PBXGroup section */
		73698B6213B681F400922D1A = {
			isa = PBXGroup;
			children = (
				73698B7713B681F400922D1A /* Spectttator */,
				73698B7013B681F400922D1A /* Mac Frameworks */,
				73C01C7C13C2EA8600A8ECDB /* iOS Frameworks */,
				73698B6F13B681F400922D1A /* Products */,
			);
			sourceTree = "<group>";
		};
		73698B6F13B681F400922D1A /* Products */ = {
			isa = PBXGroup;
			children = (
				73698B6E13B681F400922D1A /* Spectttator.framework */,
				73C01C7B13C2EA8600A8ECDB /* libSpectttator-iOS.a */,
			);
			name = Products;
			sourceTree = "<group>";
		};
		73698B7013B681F400922D1A /* Mac Frameworks */ = {
			isa = PBXGroup;
			children = (
				73698B7613B681F400922D1A /* Foundation.framework */,
				73698B7113B681F400922D1A /* Cocoa.framework */,
			);
			name = "Mac Frameworks";
			sourceTree = "<group>";
		};
		73698B7713B681F400922D1A /* Spectttator */ = {
			isa = PBXGroup;
			children = (
				73698BA813B6832E00922D1A /* Spectttator.h */,
				73698BAC13B6839500922D1A /* SPManager.h */,
				73698BAD13B6839500922D1A /* SPManager.m */,
				73BBCF1F13B7FB0300D5F5DF /* SPShot.h */,
				73BBCF2013B7FB0300D5F5DF /* SPShot.m */,
				739A447213B811E200E7783A /* SPPlayer.h */,
				739A447313B811E200E7783A /* SPPlayer.m */,
				739A44AC13B86A8C00E7783A /* SPComment.h */,
				739A44AD13B86A8C00E7783A /* SPComment.m */,
				739A449E13B85C9A00E7783A /* SPPagination.h */,
				739A449F13B85C9A00E7783A /* SPPagination.m */,
				739A44A613B8642B00E7783A /* SPRequest.h */,
				739A44A713B8642B00E7783A /* SPRequest.m */,
				73698B7813B681F400922D1A /* Supporting Files */,
			);
			path = Spectttator;
			sourceTree = "<group>";
		};
		73698B7813B681F400922D1A /* Supporting Files */ = {
			isa = PBXGroup;
			children = (
				73698B7913B681F400922D1A /* Spectttator-Info.plist */,
				73698B7D13B681F400922D1A /* Spectttator-Prefix.pch */,
				73C01CAC13C2EB4B00A8ECDB /* Spectttator-iOS-Prefix.pch */,
			);
			name = "Supporting Files";
			sourceTree = "<group>";
		};
		73C01C7C13C2EA8600A8ECDB /* iOS Frameworks */ = {
			isa = PBXGroup;
			children = (
				73C01CE213C2ED9800A8ECDB /* Foundation.framework */,
				73C01CAD13C2EBBC00A8ECDB /* UIKit.framework */,
			);
			name = "iOS Frameworks";
			sourceTree = "<group>";
		};
/* End PBXGroup section */

/* Begin PBXHeadersBuildPhase section */
		73698B6B13B681F400922D1A /* Headers */ = {
			isa = PBXHeadersBuildPhase;
			buildActionMask = 2147483647;
			files = (
				73698BAA13B6832E00922D1A /* Spectttator.h in Headers */,
				73BBCF2113B7FB0300D5F5DF /* SPShot.h in Headers */,
				739A44A013B85C9A00E7783A /* SPPagination.h in Headers */,
				739A44AE13B86A8C00E7783A /* SPComment.h in Headers */,
				739A447413B811E200E7783A /* SPPlayer.h in Headers */,
				73698BAE13B6839500922D1A /* SPManager.h in Headers */,
				739A44A813B8642B00E7783A /* SPRequest.h in Headers */,
			);
			runOnlyForDeploymentPostprocessing = 0;
		};
		73C01C7913C2EA8600A8ECDB /* Headers */ = {
			isa = PBXHeadersBuildPhase;
			buildActionMask = 2147483647;
			files = (
				73C01C9813C2EB0B00A8ECDB /* Spectttator.h in Headers */,
				73C01C9913C2EB0B00A8ECDB /* SPManager.h in Headers */,
				73C01C9A13C2EB0B00A8ECDB /* SPShot.h in Headers */,
				73C01C9B13C2EB0B00A8ECDB /* SPPlayer.h in Headers */,
				73C01C9C13C2EB0B00A8ECDB /* SPComment.h in Headers */,
				73C01C9D13C2EB0B00A8ECDB /* SPPagination.h in Headers */,
				73C01C9E13C2EB0B00A8ECDB /* SPRequest.h in Headers */,
			);
			runOnlyForDeploymentPostprocessing = 0;
		};
/* End PBXHeadersBuildPhase section */

/* Begin PBXNativeTarget section */
		73698B6D13B681F400922D1A /* Spectttator */ = {
			isa = PBXNativeTarget;
			buildConfigurationList = 73698B8013B681F400922D1A /* Build configuration list for PBXNativeTarget "Spectttator" */;
			buildPhases = (
				73698B6913B681F400922D1A /* Sources */,
				73698B6A13B681F400922D1A /* Frameworks */,
				73698B6B13B681F400922D1A /* Headers */,
			);
			buildRules = (
			);
			dependencies = (
			);
			name = Spectttator;
			productName = Spectttator;
			productReference = 73698B6E13B681F400922D1A /* Spectttator.framework */;
			productType = "com.apple.product-type.framework";
		};
		73C01C7A13C2EA8600A8ECDB /* Spectttator-iOS */ = {
			isa = PBXNativeTarget;
			buildConfigurationList = 73C01C8413C2EA8600A8ECDB /* Build configuration list for PBXNativeTarget "Spectttator-iOS" */;
			buildPhases = (
				73C01C7713C2EA8600A8ECDB /* Sources */,
				73C01C7813C2EA8600A8ECDB /* Frameworks */,
				73C01C7913C2EA8600A8ECDB /* Headers */,
			);
			buildRules = (
			);
			dependencies = (
			);
			name = "Spectttator-iOS";
			productName = "Spectttator-iOS";
			productReference = 73C01C7B13C2EA8600A8ECDB /* libSpectttator-iOS.a */;
			productType = "com.apple.product-type.library.static";
		};
/* End PBXNativeTarget section */

/* Begin PBXProject section */
		73698B6413B681F400922D1A /* Project object */ = {
			isa = PBXProject;
			attributes = {
				ORGANIZATIONNAME = "InScopeApps {+}";
			};
			buildConfigurationList = 73698B6713B681F400922D1A /* Build configuration list for PBXProject "Spectttator" */;
			compatibilityVersion = "Xcode 3.2";
			developmentRegion = English;
			hasScannedForEncodings = 0;
			knownRegions = (
				en,
			);
			mainGroup = 73698B6213B681F400922D1A;
			productRefGroup = 73698B6F13B681F400922D1A /* Products */;
			projectDirPath = "";
			projectRoot = "";
			targets = (
				73698B6D13B681F400922D1A /* Spectttator */,
				73C01C7A13C2EA8600A8ECDB /* Spectttator-iOS */,
			);
		};
/* End PBXProject section */

/* Begin PBXSourcesBuildPhase section */
		73698B6913B681F400922D1A /* Sources */ = {
			isa = PBXSourcesBuildPhase;
			buildActionMask = 2147483647;
			files = (
				73698BAF13B6839500922D1A /* SPManager.m in Sources */,
				73BBCF2213B7FB0300D5F5DF /* SPShot.m in Sources */,
				739A447513B811E200E7783A /* SPPlayer.m in Sources */,
				739A44A113B85C9A00E7783A /* SPPagination.m in Sources */,
				739A44A913B8642B00E7783A /* SPRequest.m in Sources */,
				739A44AF13B86A8C00E7783A /* SPComment.m in Sources */,
			);
			runOnlyForDeploymentPostprocessing = 0;
		};
		73C01C7713C2EA8600A8ECDB /* Sources */ = {
			isa = PBXSourcesBuildPhase;
			buildActionMask = 2147483647;
			files = (
				73C01C8613C2EAF700A8ECDB /* SPManager.m in Sources */,
				73C01C8713C2EAF700A8ECDB /* SPShot.m in Sources */,
				73C01C8813C2EAF700A8ECDB /* SPPlayer.m in Sources */,
				73C01C8913C2EAF700A8ECDB /* SPComment.m in Sources */,
				73C01C8A13C2EAF700A8ECDB /* SPPagination.m in Sources */,
				73C01C8B13C2EAF700A8ECDB /* SPRequest.m in Sources */,
			);
			runOnlyForDeploymentPostprocessing = 0;
		};
/* End PBXSourcesBuildPhase section */

/* Begin XCBuildConfiguration section */
		73698B7E13B681F400922D1A /* Debug */ = {
			isa = XCBuildConfiguration;
			buildSettings = {
				ALWAYS_SEARCH_USER_PATHS = NO;
				ARCHS = "$(ARCHS_STANDARD_32_64_BIT)";
				CLANG_ENABLE_OBJC_ARC = YES;
				COPY_PHASE_STRIP = NO;
				GCC_C_LANGUAGE_STANDARD = gnu99;
				GCC_DYNAMIC_NO_PIC = NO;
				GCC_ENABLE_OBJC_EXCEPTIONS = YES;
				GCC_OPTIMIZATION_LEVEL = 0;
				GCC_PREPROCESSOR_DEFINITIONS = (
					"DEBUG=1",
					"$(inherited)",
				);
				GCC_SYMBOLS_PRIVATE_EXTERN = NO;
				GCC_VERSION = com.apple.compilers.llvm.clang.1_0;
				GCC_WARN_64_TO_32_BIT_CONVERSION = YES;
				GCC_WARN_ABOUT_MISSING_PROTOTYPES = YES;
				GCC_WARN_ABOUT_RETURN_TYPE = YES;
				GCC_WARN_UNUSED_VARIABLE = YES;
				MACOSX_DEPLOYMENT_TARGET = 10.6;
				ONLY_ACTIVE_ARCH = YES;
				SDKROOT = macosx;
			};
			name = Debug;
		};
		73698B7F13B681F400922D1A /* Release */ = {
			isa = XCBuildConfiguration;
			buildSettings = {
				ALWAYS_SEARCH_USER_PATHS = NO;
				ARCHS = "$(ARCHS_STANDARD_32_64_BIT)";
				CLANG_ENABLE_OBJC_ARC = YES;
				COPY_PHASE_STRIP = YES;
				DEBUG_INFORMATION_FORMAT = "dwarf-with-dsym";
				GCC_C_LANGUAGE_STANDARD = gnu99;
				GCC_ENABLE_OBJC_EXCEPTIONS = YES;
				GCC_VERSION = com.apple.compilers.llvm.clang.1_0;
				GCC_WARN_64_TO_32_BIT_CONVERSION = YES;
				GCC_WARN_ABOUT_MISSING_PROTOTYPES = YES;
				GCC_WARN_ABOUT_RETURN_TYPE = YES;
				GCC_WARN_UNUSED_VARIABLE = YES;
				MACOSX_DEPLOYMENT_TARGET = 10.6;
				SDKROOT = macosx;
			};
			name = Release;
		};
		73698B8113B681F400922D1A /* Debug */ = {
			isa = XCBuildConfiguration;
			buildSettings = {
				DYLIB_COMPATIBILITY_VERSION = 1;
				DYLIB_CURRENT_VERSION = 1;
				FRAMEWORK_VERSION = A;
				GCC_PRECOMPILE_PREFIX_HEADER = YES;
				GCC_PREFIX_HEADER = "Spectttator/Spectttator-Prefix.pch";
				INFOPLIST_FILE = "Spectttator/Spectttator-Info.plist";
				INSTALL_PATH = "@executable_path/../Frameworks";
				PRODUCT_NAME = "$(TARGET_NAME)";
				SKIP_INSTALL = YES;
				WRAPPER_EXTENSION = framework;
			};
			name = Debug;
		};
		73698B8213B681F400922D1A /* Release */ = {
			isa = XCBuildConfiguration;
			buildSettings = {
				DYLIB_COMPATIBILITY_VERSION = 1;
				DYLIB_CURRENT_VERSION = 1;
				FRAMEWORK_VERSION = A;
				GCC_PRECOMPILE_PREFIX_HEADER = YES;
				GCC_PREFIX_HEADER = "Spectttator/Spectttator-Prefix.pch";
				INFOPLIST_FILE = "Spectttator/Spectttator-Info.plist";
				INSTALL_PATH = "@executable_path/../Frameworks";
				PRODUCT_NAME = "$(TARGET_NAME)";
				SKIP_INSTALL = YES;
				WRAPPER_EXTENSION = framework;
			};
			name = Release;
		};
		73C01C8213C2EA8600A8ECDB /* Debug */ = {
			isa = XCBuildConfiguration;
			buildSettings = {
				ARCHS = "$(ARCHS_STANDARD_32_BIT)";
				DSTROOT = /tmp/Spectttator_iOS.dst;
				GCC_PRECOMPILE_PREFIX_HEADER = YES;
				GCC_PREFIX_HEADER = "Spectttator/Spectttator-iOS-Prefix.pch";
				IPHONEOS_DEPLOYMENT_TARGET = 5.0;
				OTHER_LDFLAGS = "-ObjC";
				PRODUCT_NAME = "$(TARGET_NAME)";
				SDKROOT = iphoneos;
				SKIP_INSTALL = YES;
			};
			name = Debug;
		};
		73C01C8313C2EA8600A8ECDB /* Release */ = {
			isa = XCBuildConfiguration;
			buildSettings = {
				ARCHS = "$(ARCHS_STANDARD_32_BIT)";
				DSTROOT = /tmp/Spectttator_iOS.dst;
				GCC_PRECOMPILE_PREFIX_HEADER = YES;
				GCC_PREFIX_HEADER = "Spectttator/Spectttator-iOS-Prefix.pch";
				IPHONEOS_DEPLOYMENT_TARGET = 5.0;
				OTHER_LDFLAGS = "-ObjC";
				PRODUCT_NAME = "$(TARGET_NAME)";
				SDKROOT = iphoneos;
				SKIP_INSTALL = YES;
				VALIDATE_PRODUCT = YES;
			};
			name = Release;
		};
/* End XCBuildConfiguration section */

/* Begin XCConfigurationList section */
		73698B6713B681F400922D1A /* Build configuration list for PBXProject "Spectttator" */ = {
			isa = XCConfigurationList;
			buildConfigurations = (
				73698B7E13B681F400922D1A /* Debug */,
				73698B7F13B681F400922D1A /* Release */,
			);
			defaultConfigurationIsVisible = 0;
			defaultConfigurationName = Release;
		};
		73698B8013B681F400922D1A /* Build configuration list for PBXNativeTarget "Spectttator" */ = {
			isa = XCConfigurationList;
			buildConfigurations = (
				73698B8113B681F400922D1A /* Debug */,
				73698B8213B681F400922D1A /* Release */,
			);
			defaultConfigurationIsVisible = 0;
			defaultConfigurationName = Release;
		};
		73C01C8413C2EA8600A8ECDB /* Build configuration list for PBXNativeTarget "Spectttator-iOS" */ = {
			isa = XCConfigurationList;
			buildConfigurations = (
				73C01C8213C2EA8600A8ECDB /* Debug */,
				73C01C8313C2EA8600A8ECDB /* Release */,
			);
			defaultConfigurationIsVisible = 0;
			defaultConfigurationName = Release;
		};
/* End XCConfigurationList section */
	};
	rootObject = 73698B6413B681F400922D1A /* Project object */;
}
