// !$*UTF8*$!
{
	archiveVersion = 1;
	classes = {
	};
	objectVersion = 46;
	objects = {

/* Begin PBXBuildFile section */
		D6D8C2E813BC29010063DA70 /* UIKit.framework in Frameworks */ = {isa = PBXBuildFile; fileRef = D6D8C2E713BC29010063DA70 /* UIKit.framework */; };
		D6D8C2EA13BC29010063DA70 /* Foundation.framework in Frameworks */ = {isa = PBXBuildFile; fileRef = D6D8C2E913BC29010063DA70 /* Foundation.framework */; };
		D6D8C2EC13BC29010063DA70 /* CoreGraphics.framework in Frameworks */ = {isa = PBXBuildFile; fileRef = D6D8C2EB13BC29010063DA70 /* CoreGraphics.framework */; };
		D6D8C2F413BC29010063DA70 /* main.m in Sources */ = {isa = PBXBuildFile; fileRef = D6D8C2F313BC29010063DA70 /* main.m */; };
		D6D8C2F813BC29010063DA70 /* SpectttatorTest_iOSAppDelegate.m in Sources */ = {isa = PBXBuildFile; fileRef = D6D8C2F713BC29010063DA70 /* SpectttatorTest_iOSAppDelegate.m */; };
		D6D8C2FB13BC29010063DA70 /* MainWindow.xib in Resources */ = {isa = PBXBuildFile; fileRef = D6D8C2F913BC29010063DA70 /* MainWindow.xib */; };
		D6D8C2FE13BC29010063DA70 /* RootViewController.m in Sources */ = {isa = PBXBuildFile; fileRef = D6D8C2FD13BC29010063DA70 /* RootViewController.m */; };
		D6D8C30113BC29020063DA70 /* RootViewController.xib in Resources */ = {isa = PBXBuildFile; fileRef = D6D8C2FF13BC29020063DA70 /* RootViewController.xib */; };
		D6D8C50413BC2A270063DA70 /* NSObject+SBJson.m in Sources */ = {isa = PBXBuildFile; fileRef = D6D8C33213BC2A260063DA70 /* NSObject+SBJson.m */; };
		D6D8C50513BC2A270063DA70 /* SBJsonParser.m in Sources */ = {isa = PBXBuildFile; fileRef = D6D8C33513BC2A260063DA70 /* SBJsonParser.m */; };
		D6D8C50613BC2A270063DA70 /* SBJsonStreamParser.m in Sources */ = {isa = PBXBuildFile; fileRef = D6D8C33713BC2A260063DA70 /* SBJsonStreamParser.m */; };
		D6D8C50713BC2A270063DA70 /* SBJsonStreamParserAccumulator.m in Sources */ = {isa = PBXBuildFile; fileRef = D6D8C33913BC2A260063DA70 /* SBJsonStreamParserAccumulator.m */; };
		D6D8C50813BC2A270063DA70 /* SBJsonStreamParserAdapter.m in Sources */ = {isa = PBXBuildFile; fileRef = D6D8C33B13BC2A260063DA70 /* SBJsonStreamParserAdapter.m */; };
		D6D8C50913BC2A270063DA70 /* SBJsonStreamParserState.m in Sources */ = {isa = PBXBuildFile; fileRef = D6D8C33D13BC2A260063DA70 /* SBJsonStreamParserState.m */; };
		D6D8C50A13BC2A270063DA70 /* SBJsonStreamWriter.m in Sources */ = {isa = PBXBuildFile; fileRef = D6D8C33F13BC2A260063DA70 /* SBJsonStreamWriter.m */; };
		D6D8C50B13BC2A270063DA70 /* SBJsonStreamWriterAccumulator.m in Sources */ = {isa = PBXBuildFile; fileRef = D6D8C34113BC2A260063DA70 /* SBJsonStreamWriterAccumulator.m */; };
		D6D8C50C13BC2A270063DA70 /* SBJsonStreamWriterState.m in Sources */ = {isa = PBXBuildFile; fileRef = D6D8C34313BC2A260063DA70 /* SBJsonStreamWriterState.m */; };
		D6D8C50D13BC2A270063DA70 /* SBJsonTokeniser.m in Sources */ = {isa = PBXBuildFile; fileRef = D6D8C34513BC2A260063DA70 /* SBJsonTokeniser.m */; };
		D6D8C50E13BC2A270063DA70 /* SBJsonUTF8Stream.m in Sources */ = {isa = PBXBuildFile; fileRef = D6D8C34713BC2A260063DA70 /* SBJsonUTF8Stream.m */; };
		D6D8C50F13BC2A270063DA70 /* SBJsonWriter.m in Sources */ = {isa = PBXBuildFile; fileRef = D6D8C34913BC2A260063DA70 /* SBJsonWriter.m */; };
		D6D8C62813BC2A270063DA70 /* SPComment.m in Sources */ = {isa = PBXBuildFile; fileRef = D6D8C4D113BC2A260063DA70 /* SPComment.m */; };
		D6D8C62A13BC2A270063DA70 /* SPManager.m in Sources */ = {isa = PBXBuildFile; fileRef = D6D8C4D613BC2A260063DA70 /* SPManager.m */; };
		D6D8C62B13BC2A270063DA70 /* SPPagination.m in Sources */ = {isa = PBXBuildFile; fileRef = D6D8C4D813BC2A260063DA70 /* SPPagination.m */; };
		D6D8C62C13BC2A270063DA70 /* SPPlayer.m in Sources */ = {isa = PBXBuildFile; fileRef = D6D8C4DA13BC2A260063DA70 /* SPPlayer.m */; };
		D6D8C62D13BC2A270063DA70 /* SPRequest.m in Sources */ = {isa = PBXBuildFile; fileRef = D6D8C4DC13BC2A260063DA70 /* SPRequest.m */; };
		D6D8C62E13BC2A270063DA70 /* SPShot.m in Sources */ = {isa = PBXBuildFile; fileRef = D6D8C4DE13BC2A260063DA70 /* SPShot.m */; };
/* End PBXBuildFile section */

/* Begin PBXFileReference section */
		D6D8C2E313BC29010063DA70 /* SpectttatorTest-iOS.app */ = {isa = PBXFileReference; explicitFileType = wrapper.application; includeInIndex = 0; path = "SpectttatorTest-iOS.app"; sourceTree = BUILT_PRODUCTS_DIR; };
		D6D8C2E713BC29010063DA70 /* UIKit.framework */ = {isa = PBXFileReference; lastKnownFileType = wrapper.framework; name = UIKit.framework; path = System/Library/Frameworks/UIKit.framework; sourceTree = SDKROOT; };
		D6D8C2E913BC29010063DA70 /* Foundation.framework */ = {isa = PBXFileReference; lastKnownFileType = wrapper.framework; name = Foundation.framework; path = System/Library/Frameworks/Foundation.framework; sourceTree = SDKROOT; };
		D6D8C2EB13BC29010063DA70 /* CoreGraphics.framework */ = {isa = PBXFileReference; lastKnownFileType = wrapper.framework; name = CoreGraphics.framework; path = System/Library/Frameworks/CoreGraphics.framework; sourceTree = SDKROOT; };
		D6D8C2EF13BC29010063DA70 /* SpectttatorTest-iOS-Info.plist */ = {isa = PBXFileReference; lastKnownFileType = text.plist.xml; path = "SpectttatorTest-iOS-Info.plist"; sourceTree = "<group>"; };
		D6D8C2F313BC29010063DA70 /* main.m */ = {isa = PBXFileReference; lastKnownFileType = sourcecode.c.objc; path = main.m; sourceTree = "<group>"; };
		D6D8C2F513BC29010063DA70 /* SpectttatorTest-iOS-Prefix.pch */ = {isa = PBXFileReference; lastKnownFileType = sourcecode.c.h; path = "SpectttatorTest-iOS-Prefix.pch"; sourceTree = "<group>"; };
		D6D8C2F613BC29010063DA70 /* SpectttatorTest_iOSAppDelegate.h */ = {isa = PBXFileReference; lastKnownFileType = sourcecode.c.h; path = SpectttatorTest_iOSAppDelegate.h; sourceTree = "<group>"; };
		D6D8C2F713BC29010063DA70 /* SpectttatorTest_iOSAppDelegate.m */ = {isa = PBXFileReference; lastKnownFileType = sourcecode.c.objc; path = SpectttatorTest_iOSAppDelegate.m; sourceTree = "<group>"; };
		D6D8C2FA13BC29010063DA70 /* en */ = {isa = PBXFileReference; lastKnownFileType = file.xib; name = en; path = en.lproj/MainWindow.xib; sourceTree = "<group>"; };
		D6D8C2FC13BC29010063DA70 /* RootViewController.h */ = {isa = PBXFileReference; lastKnownFileType = sourcecode.c.h; path = RootViewController.h; sourceTree = "<group>"; };
		D6D8C2FD13BC29010063DA70 /* RootViewController.m */ = {isa = PBXFileReference; lastKnownFileType = sourcecode.c.objc; path = RootViewController.m; sourceTree = "<group>"; };
		D6D8C30013BC29020063DA70 /* en */ = {isa = PBXFileReference; lastKnownFileType = file.xib; name = en; path = en.lproj/RootViewController.xib; sourceTree = "<group>"; };
		D6D8C33113BC2A260063DA70 /* NSObject+SBJson.h */ = {isa = PBXFileReference; fileEncoding = 4; lastKnownFileType = sourcecode.c.h; name = "NSObject+SBJson.h"; path = "Classes/NSObject+SBJson.h"; sourceTree = "<group>"; };
		D6D8C33213BC2A260063DA70 /* NSObject+SBJson.m */ = {isa = PBXFileReference; fileEncoding = 4; lastKnownFileType = sourcecode.c.objc; name = "NSObject+SBJson.m"; path = "Classes/NSObject+SBJson.m"; sourceTree = "<group>"; };
		D6D8C33313BC2A260063DA70 /* SBJson.h */ = {isa = PBXFileReference; fileEncoding = 4; lastKnownFileType = sourcecode.c.h; name = SBJson.h; path = Classes/SBJson.h; sourceTree = "<group>"; };
		D6D8C33413BC2A260063DA70 /* SBJsonParser.h */ = {isa = PBXFileReference; fileEncoding = 4; lastKnownFileType = sourcecode.c.h; name = SBJsonParser.h; path = Classes/SBJsonParser.h; sourceTree = "<group>"; };
		D6D8C33513BC2A260063DA70 /* SBJsonParser.m */ = {isa = PBXFileReference; fileEncoding = 4; lastKnownFileType = sourcecode.c.objc; name = SBJsonParser.m; path = Classes/SBJsonParser.m; sourceTree = "<group>"; };
		D6D8C33613BC2A260063DA70 /* SBJsonStreamParser.h */ = {isa = PBXFileReference; fileEncoding = 4; lastKnownFileType = sourcecode.c.h; name = SBJsonStreamParser.h; path = Classes/SBJsonStreamParser.h; sourceTree = "<group>"; };
		D6D8C33713BC2A260063DA70 /* SBJsonStreamParser.m */ = {isa = PBXFileReference; fileEncoding = 4; lastKnownFileType = sourcecode.c.objc; name = SBJsonStreamParser.m; path = Classes/SBJsonStreamParser.m; sourceTree = "<group>"; };
		D6D8C33813BC2A260063DA70 /* SBJsonStreamParserAccumulator.h */ = {isa = PBXFileReference; fileEncoding = 4; lastKnownFileType = sourcecode.c.h; name = SBJsonStreamParserAccumulator.h; path = Classes/SBJsonStreamParserAccumulator.h; sourceTree = "<group>"; };
		D6D8C33913BC2A260063DA70 /* SBJsonStreamParserAccumulator.m */ = {isa = PBXFileReference; fileEncoding = 4; lastKnownFileType = sourcecode.c.objc; name = SBJsonStreamParserAccumulator.m; path = Classes/SBJsonStreamParserAccumulator.m; sourceTree = "<group>"; };
		D6D8C33A13BC2A260063DA70 /* SBJsonStreamParserAdapter.h */ = {isa = PBXFileReference; fileEncoding = 4; lastKnownFileType = sourcecode.c.h; name = SBJsonStreamParserAdapter.h; path = Classes/SBJsonStreamParserAdapter.h; sourceTree = "<group>"; };
		D6D8C33B13BC2A260063DA70 /* SBJsonStreamParserAdapter.m */ = {isa = PBXFileReference; fileEncoding = 4; lastKnownFileType = sourcecode.c.objc; name = SBJsonStreamParserAdapter.m; path = Classes/SBJsonStreamParserAdapter.m; sourceTree = "<group>"; };
		D6D8C33C13BC2A260063DA70 /* SBJsonStreamParserState.h */ = {isa = PBXFileReference; fileEncoding = 4; lastKnownFileType = sourcecode.c.h; name = SBJsonStreamParserState.h; path = Classes/SBJsonStreamParserState.h; sourceTree = "<group>"; };
		D6D8C33D13BC2A260063DA70 /* SBJsonStreamParserState.m */ = {isa = PBXFileReference; fileEncoding = 4; lastKnownFileType = sourcecode.c.objc; name = SBJsonStreamParserState.m; path = Classes/SBJsonStreamParserState.m; sourceTree = "<group>"; };
		D6D8C33E13BC2A260063DA70 /* SBJsonStreamWriter.h */ = {isa = PBXFileReference; fileEncoding = 4; lastKnownFileType = sourcecode.c.h; name = SBJsonStreamWriter.h; path = Classes/SBJsonStreamWriter.h; sourceTree = "<group>"; };
		D6D8C33F13BC2A260063DA70 /* SBJsonStreamWriter.m */ = {isa = PBXFileReference; fileEncoding = 4; lastKnownFileType = sourcecode.c.objc; name = SBJsonStreamWriter.m; path = Classes/SBJsonStreamWriter.m; sourceTree = "<group>"; };
		D6D8C34013BC2A260063DA70 /* SBJsonStreamWriterAccumulator.h */ = {isa = PBXFileReference; fileEncoding = 4; lastKnownFileType = sourcecode.c.h; name = SBJsonStreamWriterAccumulator.h; path = Classes/SBJsonStreamWriterAccumulator.h; sourceTree = "<group>"; };
		D6D8C34113BC2A260063DA70 /* SBJsonStreamWriterAccumulator.m */ = {isa = PBXFileReference; fileEncoding = 4; lastKnownFileType = sourcecode.c.objc; name = SBJsonStreamWriterAccumulator.m; path = Classes/SBJsonStreamWriterAccumulator.m; sourceTree = "<group>"; };
		D6D8C34213BC2A260063DA70 /* SBJsonStreamWriterState.h */ = {isa = PBXFileReference; fileEncoding = 4; lastKnownFileType = sourcecode.c.h; name = SBJsonStreamWriterState.h; path = Classes/SBJsonStreamWriterState.h; sourceTree = "<group>"; };
		D6D8C34313BC2A260063DA70 /* SBJsonStreamWriterState.m */ = {isa = PBXFileReference; fileEncoding = 4; lastKnownFileType = sourcecode.c.objc; name = SBJsonStreamWriterState.m; path = Classes/SBJsonStreamWriterState.m; sourceTree = "<group>"; };
		D6D8C34413BC2A260063DA70 /* SBJsonTokeniser.h */ = {isa = PBXFileReference; fileEncoding = 4; lastKnownFileType = sourcecode.c.h; name = SBJsonTokeniser.h; path = Classes/SBJsonTokeniser.h; sourceTree = "<group>"; };
		D6D8C34513BC2A260063DA70 /* SBJsonTokeniser.m */ = {isa = PBXFileReference; fileEncoding = 4; lastKnownFileType = sourcecode.c.objc; name = SBJsonTokeniser.m; path = Classes/SBJsonTokeniser.m; sourceTree = "<group>"; };
		D6D8C34613BC2A260063DA70 /* SBJsonUTF8Stream.h */ = {isa = PBXFileReference; fileEncoding = 4; lastKnownFileType = sourcecode.c.h; name = SBJsonUTF8Stream.h; path = Classes/SBJsonUTF8Stream.h; sourceTree = "<group>"; };
		D6D8C34713BC2A260063DA70 /* SBJsonUTF8Stream.m */ = {isa = PBXFileReference; fileEncoding = 4; lastKnownFileType = sourcecode.c.objc; name = SBJsonUTF8Stream.m; path = Classes/SBJsonUTF8Stream.m; sourceTree = "<group>"; };
		D6D8C34813BC2A260063DA70 /* SBJsonWriter.h */ = {isa = PBXFileReference; fileEncoding = 4; lastKnownFileType = sourcecode.c.h; name = SBJsonWriter.h; path = Classes/SBJsonWriter.h; sourceTree = "<group>"; };
		D6D8C34913BC2A260063DA70 /* SBJsonWriter.m */ = {isa = PBXFileReference; fileEncoding = 4; lastKnownFileType = sourcecode.c.objc; name = SBJsonWriter.m; path = Classes/SBJsonWriter.m; sourceTree = "<group>"; };
		D6D8C4D013BC2A260063DA70 /* SPComment.h */ = {isa = PBXFileReference; fileEncoding = 4; lastKnownFileType = sourcecode.c.h; path = SPComment.h; sourceTree = "<group>"; };
		D6D8C4D113BC2A260063DA70 /* SPComment.m */ = {isa = PBXFileReference; fileEncoding = 4; lastKnownFileType = sourcecode.c.objc; path = SPComment.m; sourceTree = "<group>"; };
		D6D8C4D413BC2A260063DA70 /* Spectttator.h */ = {isa = PBXFileReference; fileEncoding = 4; lastKnownFileType = sourcecode.c.h; path = Spectttator.h; sourceTree = "<group>"; };
		D6D8C4D513BC2A260063DA70 /* SPManager.h */ = {isa = PBXFileReference; fileEncoding = 4; lastKnownFileType = sourcecode.c.h; path = SPManager.h; sourceTree = "<group>"; };
		D6D8C4D613BC2A260063DA70 /* SPManager.m */ = {isa = PBXFileReference; fileEncoding = 4; lastKnownFileType = sourcecode.c.objc; path = SPManager.m; sourceTree = "<group>"; };
		D6D8C4D713BC2A260063DA70 /* SPPagination.h */ = {isa = PBXFileReference; fileEncoding = 4; lastKnownFileType = sourcecode.c.h; path = SPPagination.h; sourceTree = "<group>"; };
		D6D8C4D813BC2A260063DA70 /* SPPagination.m */ = {isa = PBXFileReference; fileEncoding = 4; lastKnownFileType = sourcecode.c.objc; path = SPPagination.m; sourceTree = "<group>"; };
		D6D8C4D913BC2A260063DA70 /* SPPlayer.h */ = {isa = PBXFileReference; fileEncoding = 4; lastKnownFileType = sourcecode.c.h; path = SPPlayer.h; sourceTree = "<group>"; };
		D6D8C4DA13BC2A260063DA70 /* SPPlayer.m */ = {isa = PBXFileReference; fileEncoding = 4; lastKnownFileType = sourcecode.c.objc; path = SPPlayer.m; sourceTree = "<group>"; };
		D6D8C4DB13BC2A260063DA70 /* SPRequest.h */ = {isa = PBXFileReference; fileEncoding = 4; lastKnownFileType = sourcecode.c.h; path = SPRequest.h; sourceTree = "<group>"; };
		D6D8C4DC13BC2A260063DA70 /* SPRequest.m */ = {isa = PBXFileReference; fileEncoding = 4; lastKnownFileType = sourcecode.c.objc; path = SPRequest.m; sourceTree = "<group>"; };
		D6D8C4DD13BC2A260063DA70 /* SPShot.h */ = {isa = PBXFileReference; fileEncoding = 4; lastKnownFileType = sourcecode.c.h; path = SPShot.h; sourceTree = "<group>"; };
		D6D8C4DE13BC2A260063DA70 /* SPShot.m */ = {isa = PBXFileReference; fileEncoding = 4; lastKnownFileType = sourcecode.c.objc; path = SPShot.m; sourceTree = "<group>"; };
/* End PBXFileReference section */

/* Begin PBXFrameworksBuildPhase section */
		D6D8C2E013BC29010063DA70 /* Frameworks */ = {
			isa = PBXFrameworksBuildPhase;
			buildActionMask = 2147483647;
			files = (
				D6D8C2E813BC29010063DA70 /* UIKit.framework in Frameworks */,
				D6D8C2EA13BC29010063DA70 /* Foundation.framework in Frameworks */,
				D6D8C2EC13BC29010063DA70 /* CoreGraphics.framework in Frameworks */,
			);
			runOnlyForDeploymentPostprocessing = 0;
		};
/* End PBXFrameworksBuildPhase section */

/* Begin PBXGroup section */
		D6D8C2D813BC29010063DA70 = {
			isa = PBXGroup;
			children = (
				D6D8C30713BC2A260063DA70 /* Spectttator */,
				D6D8C2ED13BC29010063DA70 /* SpectttatorTest-iOS */,
				D6D8C2E613BC29010063DA70 /* Frameworks */,
				D6D8C2E413BC29010063DA70 /* Products */,
			);
			sourceTree = "<group>";
		};
		D6D8C2E413BC29010063DA70 /* Products */ = {
			isa = PBXGroup;
			children = (
				D6D8C2E313BC29010063DA70 /* SpectttatorTest-iOS.app */,
			);
			name = Products;
			sourceTree = "<group>";
		};
		D6D8C2E613BC29010063DA70 /* Frameworks */ = {
			isa = PBXGroup;
			children = (
				D6D8C2E713BC29010063DA70 /* UIKit.framework */,
				D6D8C2E913BC29010063DA70 /* Foundation.framework */,
				D6D8C2EB13BC29010063DA70 /* CoreGraphics.framework */,
			);
			name = Frameworks;
			sourceTree = "<group>";
		};
		D6D8C2ED13BC29010063DA70 /* SpectttatorTest-iOS */ = {
			isa = PBXGroup;
			children = (
				D6D8C2F613BC29010063DA70 /* SpectttatorTest_iOSAppDelegate.h */,
				D6D8C2F713BC29010063DA70 /* SpectttatorTest_iOSAppDelegate.m */,
				D6D8C2F913BC29010063DA70 /* MainWindow.xib */,
				D6D8C2FC13BC29010063DA70 /* RootViewController.h */,
				D6D8C2FD13BC29010063DA70 /* RootViewController.m */,
				D6D8C2FF13BC29020063DA70 /* RootViewController.xib */,
				D6D8C2EE13BC29010063DA70 /* Supporting Files */,
			);
			path = "SpectttatorTest-iOS";
			sourceTree = "<group>";
		};
		D6D8C2EE13BC29010063DA70 /* Supporting Files */ = {
			isa = PBXGroup;
			children = (
				D6D8C2EF13BC29010063DA70 /* SpectttatorTest-iOS-Info.plist */,
				D6D8C2F313BC29010063DA70 /* main.m */,
				D6D8C2F513BC29010063DA70 /* SpectttatorTest-iOS-Prefix.pch */,
			);
			name = "Supporting Files";
			sourceTree = "<group>";
		};
		D6D8C30713BC2A260063DA70 /* Spectttator */ = {
			isa = PBXGroup;
			children = (
				D6D8C4D013BC2A260063DA70 /* SPComment.h */,
				D6D8C4D113BC2A260063DA70 /* SPComment.m */,
				D6D8C4D413BC2A260063DA70 /* Spectttator.h */,
				D6D8C4D513BC2A260063DA70 /* SPManager.h */,
				D6D8C4D613BC2A260063DA70 /* SPManager.m */,
				D6D8C4D713BC2A260063DA70 /* SPPagination.h */,
				D6D8C4D813BC2A260063DA70 /* SPPagination.m */,
				D6D8C4D913BC2A260063DA70 /* SPPlayer.h */,
				D6D8C4DA13BC2A260063DA70 /* SPPlayer.m */,
				D6D8C4DB13BC2A260063DA70 /* SPRequest.h */,
				D6D8C4DC13BC2A260063DA70 /* SPRequest.m */,
				D6D8C4DD13BC2A260063DA70 /* SPShot.h */,
				D6D8C4DE13BC2A260063DA70 /* SPShot.m */,
				D6D8C30813BC2A260063DA70 /* SBJson */,
			);
			name = Spectttator;
			path = ../Spectttator;
			sourceTree = "<group>";
		};
		D6D8C30813BC2A260063DA70 /* SBJson */ = {
			isa = PBXGroup;
			children = (
				D6D8C33113BC2A260063DA70 /* NSObject+SBJson.h */,
				D6D8C33213BC2A260063DA70 /* NSObject+SBJson.m */,
				D6D8C33313BC2A260063DA70 /* SBJson.h */,
				D6D8C33413BC2A260063DA70 /* SBJsonParser.h */,
				D6D8C33513BC2A260063DA70 /* SBJsonParser.m */,
				D6D8C33613BC2A260063DA70 /* SBJsonStreamParser.h */,
				D6D8C33713BC2A260063DA70 /* SBJsonStreamParser.m */,
				D6D8C33813BC2A260063DA70 /* SBJsonStreamParserAccumulator.h */,
				D6D8C33913BC2A260063DA70 /* SBJsonStreamParserAccumulator.m */,
				D6D8C33A13BC2A260063DA70 /* SBJsonStreamParserAdapter.h */,
				D6D8C33B13BC2A260063DA70 /* SBJsonStreamParserAdapter.m */,
				D6D8C33C13BC2A260063DA70 /* SBJsonStreamParserState.h */,
				D6D8C33D13BC2A260063DA70 /* SBJsonStreamParserState.m */,
				D6D8C33E13BC2A260063DA70 /* SBJsonStreamWriter.h */,
				D6D8C33F13BC2A260063DA70 /* SBJsonStreamWriter.m */,
				D6D8C34013BC2A260063DA70 /* SBJsonStreamWriterAccumulator.h */,
				D6D8C34113BC2A260063DA70 /* SBJsonStreamWriterAccumulator.m */,
				D6D8C34213BC2A260063DA70 /* SBJsonStreamWriterState.h */,
				D6D8C34313BC2A260063DA70 /* SBJsonStreamWriterState.m */,
				D6D8C34413BC2A260063DA70 /* SBJsonTokeniser.h */,
				D6D8C34513BC2A260063DA70 /* SBJsonTokeniser.m */,
				D6D8C34613BC2A260063DA70 /* SBJsonUTF8Stream.h */,
				D6D8C34713BC2A260063DA70 /* SBJsonUTF8Stream.m */,
				D6D8C34813BC2A260063DA70 /* SBJsonWriter.h */,
				D6D8C34913BC2A260063DA70 /* SBJsonWriter.m */,
			);
			path = SBJson;
			sourceTree = "<group>";
		};
/* End PBXGroup section */

/* Begin PBXNativeTarget section */
		D6D8C2E213BC29010063DA70 /* SpectttatorTest-iOS */ = {
			isa = PBXNativeTarget;
			buildConfigurationList = D6D8C30413BC29020063DA70 /* Build configuration list for PBXNativeTarget "SpectttatorTest-iOS" */;
			buildPhases = (
				D6D8C2DF13BC29010063DA70 /* Sources */,
				D6D8C2E013BC29010063DA70 /* Frameworks */,
				D6D8C2E113BC29010063DA70 /* Resources */,
			);
			buildRules = (
			);
			dependencies = (
			);
			name = "SpectttatorTest-iOS";
			productName = "SpectttatorTest-iOS";
			productReference = D6D8C2E313BC29010063DA70 /* SpectttatorTest-iOS.app */;
			productType = "com.apple.product-type.application";
		};
/* End PBXNativeTarget section */

/* Begin PBXProject section */
		D6D8C2DA13BC29010063DA70 /* Project object */ = {
			isa = PBXProject;
			buildConfigurationList = D6D8C2DD13BC29010063DA70 /* Build configuration list for PBXProject "SpectttatorTest-iOS" */;
			compatibilityVersion = "Xcode 3.2";
			developmentRegion = English;
			hasScannedForEncodings = 0;
			knownRegions = (
				en,
			);
			mainGroup = D6D8C2D813BC29010063DA70;
			productRefGroup = D6D8C2E413BC29010063DA70 /* Products */;
			projectDirPath = "";
			projectRoot = "";
			targets = (
				D6D8C2E213BC29010063DA70 /* SpectttatorTest-iOS */,
			);
		};
/* End PBXProject section */

/* Begin PBXResourcesBuildPhase section */
		D6D8C2E113BC29010063DA70 /* Resources */ = {
			isa = PBXResourcesBuildPhase;
			buildActionMask = 2147483647;
			files = (
				D6D8C2FB13BC29010063DA70 /* MainWindow.xib in Resources */,
				D6D8C30113BC29020063DA70 /* RootViewController.xib in Resources */,
			);
			runOnlyForDeploymentPostprocessing = 0;
		};
/* End PBXResourcesBuildPhase section */

/* Begin PBXSourcesBuildPhase section */
		D6D8C2DF13BC29010063DA70 /* Sources */ = {
			isa = PBXSourcesBuildPhase;
			buildActionMask = 2147483647;
			files = (
				D6D8C2F413BC29010063DA70 /* main.m in Sources */,
				D6D8C2F813BC29010063DA70 /* SpectttatorTest_iOSAppDelegate.m in Sources */,
				D6D8C2FE13BC29010063DA70 /* RootViewController.m in Sources */,
				D6D8C50413BC2A270063DA70 /* NSObject+SBJson.m in Sources */,
				D6D8C50513BC2A270063DA70 /* SBJsonParser.m in Sources */,
				D6D8C50613BC2A270063DA70 /* SBJsonStreamParser.m in Sources */,
				D6D8C50713BC2A270063DA70 /* SBJsonStreamParserAccumulator.m in Sources */,
				D6D8C50813BC2A270063DA70 /* SBJsonStreamParserAdapter.m in Sources */,
				D6D8C50913BC2A270063DA70 /* SBJsonStreamParserState.m in Sources */,
				D6D8C50A13BC2A270063DA70 /* SBJsonStreamWriter.m in Sources */,
				D6D8C50B13BC2A270063DA70 /* SBJsonStreamWriterAccumulator.m in Sources */,
				D6D8C50C13BC2A270063DA70 /* SBJsonStreamWriterState.m in Sources */,
				D6D8C50D13BC2A270063DA70 /* SBJsonTokeniser.m in Sources */,
				D6D8C50E13BC2A270063DA70 /* SBJsonUTF8Stream.m in Sources */,
				D6D8C50F13BC2A270063DA70 /* SBJsonWriter.m in Sources */,
				D6D8C62813BC2A270063DA70 /* SPComment.m in Sources */,
				D6D8C62A13BC2A270063DA70 /* SPManager.m in Sources */,
				D6D8C62B13BC2A270063DA70 /* SPPagination.m in Sources */,
				D6D8C62C13BC2A270063DA70 /* SPPlayer.m in Sources */,
				D6D8C62D13BC2A270063DA70 /* SPRequest.m in Sources */,
				D6D8C62E13BC2A270063DA70 /* SPShot.m in Sources */,
			);
			runOnlyForDeploymentPostprocessing = 0;
		};
/* End PBXSourcesBuildPhase section */

/* Begin PBXVariantGroup section */
		D6D8C2F913BC29010063DA70 /* MainWindow.xib */ = {
			isa = PBXVariantGroup;
			children = (
				D6D8C2FA13BC29010063DA70 /* en */,
			);
			name = MainWindow.xib;
			sourceTree = "<group>";
		};
		D6D8C2FF13BC29020063DA70 /* RootViewController.xib */ = {
			isa = PBXVariantGroup;
			children = (
				D6D8C30013BC29020063DA70 /* en */,
			);
			name = RootViewController.xib;
			sourceTree = "<group>";
		};
/* End PBXVariantGroup section */

/* Begin XCBuildConfiguration section */
		D6D8C30213BC29020063DA70 /* Debug */ = {
			isa = XCBuildConfiguration;
			buildSettings = {
				ALWAYS_SEARCH_USER_PATHS = NO;
				ARCHS = "$(ARCHS_STANDARD_32_BIT)";
				"CODE_SIGN_IDENTITY[sdk=iphoneos*]" = "iPhone Developer";
				COPY_PHASE_STRIP = NO;
				GCC_C_LANGUAGE_STANDARD = gnu99;
				GCC_DYNAMIC_NO_PIC = NO;
				GCC_OPTIMIZATION_LEVEL = 0;
				GCC_PREPROCESSOR_DEFINITIONS = (
					"DEBUG=1",
					"$(inherited)",
				);
				GCC_SYMBOLS_PRIVATE_EXTERN = NO;
				GCC_VERSION = com.apple.compilers.llvmgcc42;
				GCC_WARN_ABOUT_MISSING_PROTOTYPES = YES;
				GCC_WARN_ABOUT_RETURN_TYPE = YES;
				GCC_WARN_UNUSED_VARIABLE = YES;
				IPHONEOS_DEPLOYMENT_TARGET = 4.3;
				SDKROOT = iphoneos;
			};
			name = Debug;
		};
		D6D8C30313BC29020063DA70 /* Release */ = {
			isa = XCBuildConfiguration;
			buildSettings = {
				ALWAYS_SEARCH_USER_PATHS = NO;
				ARCHS = "$(ARCHS_STANDARD_32_BIT)";
				"CODE_SIGN_IDENTITY[sdk=iphoneos*]" = "iPhone Developer";
				COPY_PHASE_STRIP = YES;
				GCC_C_LANGUAGE_STANDARD = gnu99;
				GCC_VERSION = com.apple.compilers.llvmgcc42;
				GCC_WARN_ABOUT_MISSING_PROTOTYPES = YES;
				GCC_WARN_ABOUT_RETURN_TYPE = YES;
				GCC_WARN_UNUSED_VARIABLE = YES;
				IPHONEOS_DEPLOYMENT_TARGET = 4.3;
				OTHER_CFLAGS = "-DNS_BLOCK_ASSERTIONS=1";
				SDKROOT = iphoneos;
				VALIDATE_PRODUCT = YES;
			};
			name = Release;
		};
		D6D8C30513BC29020063DA70 /* Debug */ = {
			isa = XCBuildConfiguration;
			buildSettings = {
				GCC_PRECOMPILE_PREFIX_HEADER = YES;
				GCC_PREFIX_HEADER = "SpectttatorTest-iOS/SpectttatorTest-iOS-Prefix.pch";
				INFOPLIST_FILE = "SpectttatorTest-iOS/SpectttatorTest-iOS-Info.plist";
				PRODUCT_NAME = "$(TARGET_NAME)";
				WRAPPER_EXTENSION = app;
			};
			name = Debug;
		};
		D6D8C30613BC29020063DA70 /* Release */ = {
			isa = XCBuildConfiguration;
			buildSettings = {
				GCC_PRECOMPILE_PREFIX_HEADER = YES;
				GCC_PREFIX_HEADER = "SpectttatorTest-iOS/SpectttatorTest-iOS-Prefix.pch";
				INFOPLIST_FILE = "SpectttatorTest-iOS/SpectttatorTest-iOS-Info.plist";
				PRODUCT_NAME = "$(TARGET_NAME)";
				WRAPPER_EXTENSION = app;
			};
			name = Release;
		};
/* End XCBuildConfiguration section */

/* Begin XCConfigurationList section */
		D6D8C2DD13BC29010063DA70 /* Build configuration list for PBXProject "SpectttatorTest-iOS" */ = {
			isa = XCConfigurationList;
			buildConfigurations = (
				D6D8C30213BC29020063DA70 /* Debug */,
				D6D8C30313BC29020063DA70 /* Release */,
			);
			defaultConfigurationIsVisible = 0;
			defaultConfigurationName = Release;
		};
		D6D8C30413BC29020063DA70 /* Build configuration list for PBXNativeTarget "SpectttatorTest-iOS" */ = {
			isa = XCConfigurationList;
			buildConfigurations = (
				D6D8C30513BC29020063DA70 /* Debug */,
				D6D8C30613BC29020063DA70 /* Release */,
			);
			defaultConfigurationIsVisible = 0;
		};
/* End XCConfigurationList section */
	};
	rootObject = D6D8C2DA13BC29010063DA70 /* Project object */;
}
